// !$*UTF8*$!
{
	archiveVersion = 1;
	classes = {
	};
	objectVersion = 55;
	objects = {

/* Begin PBXBuildFile section */
		E4613DAD2893DB3D00A36993 /* CustomIngredientTableViewCell.swift in Sources */ = {isa = PBXBuildFile; fileRef = E4613DAC2893DB3D00A36993 /* CustomIngredientTableViewCell.swift */; };
		E4613DB12897E0AE00A36993 /* FridgeService.swift in Sources */ = {isa = PBXBuildFile; fileRef = E4613DB02897E0AE00A36993 /* FridgeService.swift */; };
		E4613DB32897E34200A36993 /* FridgeServiceError.swift in Sources */ = {isa = PBXBuildFile; fileRef = E4613DB22897E34200A36993 /* FridgeServiceError.swift */; };
		E4613DB62898099100A36993 /* RecipeUrlProvider.swift in Sources */ = {isa = PBXBuildFile; fileRef = E4613DB52898099100A36993 /* RecipeUrlProvider.swift */; };
		E4613DB82898113D00A36993 /* RecipeResponse.swift in Sources */ = {isa = PBXBuildFile; fileRef = E4613DB72898113D00A36993 /* RecipeResponse.swift */; };
		E4AF0F262892BA5C009C26F0 /* AppDelegate.swift in Sources */ = {isa = PBXBuildFile; fileRef = E4AF0F252892BA5C009C26F0 /* AppDelegate.swift */; };
		E4AF0F282892BA5C009C26F0 /* SceneDelegate.swift in Sources */ = {isa = PBXBuildFile; fileRef = E4AF0F272892BA5C009C26F0 /* SceneDelegate.swift */; };
		E4AF0F302892BA5C009C26F0 /* Reciplease.xcdatamodeld in Sources */ = {isa = PBXBuildFile; fileRef = E4AF0F2E2892BA5C009C26F0 /* Reciplease.xcdatamodeld */; };
		E4AF0F322892BA5E009C26F0 /* Assets.xcassets in Resources */ = {isa = PBXBuildFile; fileRef = E4AF0F312892BA5E009C26F0 /* Assets.xcassets */; };
		E4AF0F352892BA5E009C26F0 /* LaunchScreen.storyboard in Resources */ = {isa = PBXBuildFile; fileRef = E4AF0F332892BA5E009C26F0 /* LaunchScreen.storyboard */; };
		E4AF0F402892BA5E009C26F0 /* RecipleaseTests.swift in Sources */ = {isa = PBXBuildFile; fileRef = E4AF0F3F2892BA5E009C26F0 /* RecipleaseTests.swift */; };
		E4AF0F4A2892BA5E009C26F0 /* RecipleaseUITests.swift in Sources */ = {isa = PBXBuildFile; fileRef = E4AF0F492892BA5E009C26F0 /* RecipleaseUITests.swift */; };
		E4AF0F4C2892BA5E009C26F0 /* RecipleaseUITestsLaunchTests.swift in Sources */ = {isa = PBXBuildFile; fileRef = E4AF0F4B2892BA5E009C26F0 /* RecipleaseUITestsLaunchTests.swift */; };
		E4AF0F5C2892BC3F009C26F0 /* NetworkService.swift in Sources */ = {isa = PBXBuildFile; fileRef = E4AF0F5B2892BC3F009C26F0 /* NetworkService.swift */; };
		E4AF0F5E2892BC7E009C26F0 /* NetworkServiceProtocol.swift in Sources */ = {isa = PBXBuildFile; fileRef = E4AF0F5D2892BC7E009C26F0 /* NetworkServiceProtocol.swift */; };
		E4AF0F602892BC93009C26F0 /* NetworkServiceError.swift in Sources */ = {isa = PBXBuildFile; fileRef = E4AF0F5F2892BC93009C26F0 /* NetworkServiceError.swift */; };
		E4AF0F632892BE8D009C26F0 /* FridgeViewController.swift in Sources */ = {isa = PBXBuildFile; fileRef = E4AF0F622892BE8D009C26F0 /* FridgeViewController.swift */; };
		E4AF0F652892BEA0009C26F0 /* RecipeListViewController.swift in Sources */ = {isa = PBXBuildFile; fileRef = E4AF0F642892BEA0009C26F0 /* RecipeListViewController.swift */; };
		E4AF0F692892BF68009C26F0 /* TabBarViewController.swift in Sources */ = {isa = PBXBuildFile; fileRef = E4AF0F682892BF68009C26F0 /* TabBarViewController.swift */; };
/* End PBXBuildFile section */

/* Begin PBXContainerItemProxy section */
		E4AF0F3C2892BA5E009C26F0 /* PBXContainerItemProxy */ = {
			isa = PBXContainerItemProxy;
			containerPortal = E4AF0F1A2892BA5C009C26F0 /* Project object */;
			proxyType = 1;
			remoteGlobalIDString = E4AF0F212892BA5C009C26F0;
			remoteInfo = Reciplease;
		};
		E4AF0F462892BA5E009C26F0 /* PBXContainerItemProxy */ = {
			isa = PBXContainerItemProxy;
			containerPortal = E4AF0F1A2892BA5C009C26F0 /* Project object */;
			proxyType = 1;
			remoteGlobalIDString = E4AF0F212892BA5C009C26F0;
			remoteInfo = Reciplease;
		};
/* End PBXContainerItemProxy section */

/* Begin PBXFileReference section */
		E4613DAC2893DB3D00A36993 /* CustomIngredientTableViewCell.swift */ = {isa = PBXFileReference; lastKnownFileType = sourcecode.swift; path = CustomIngredientTableViewCell.swift; sourceTree = "<group>"; };
		E4613DB02897E0AE00A36993 /* FridgeService.swift */ = {isa = PBXFileReference; lastKnownFileType = sourcecode.swift; path = FridgeService.swift; sourceTree = "<group>"; };
		E4613DB22897E34200A36993 /* FridgeServiceError.swift */ = {isa = PBXFileReference; lastKnownFileType = sourcecode.swift; path = FridgeServiceError.swift; sourceTree = "<group>"; };
		E4613DB52898099100A36993 /* RecipeUrlProvider.swift */ = {isa = PBXFileReference; lastKnownFileType = sourcecode.swift; path = RecipeUrlProvider.swift; sourceTree = "<group>"; };
		E4613DB72898113D00A36993 /* RecipeResponse.swift */ = {isa = PBXFileReference; lastKnownFileType = sourcecode.swift; path = RecipeResponse.swift; sourceTree = "<group>"; };
		E4AF0F222892BA5C009C26F0 /* Reciplease.app */ = {isa = PBXFileReference; explicitFileType = wrapper.application; includeInIndex = 0; path = Reciplease.app; sourceTree = BUILT_PRODUCTS_DIR; };
		E4AF0F252892BA5C009C26F0 /* AppDelegate.swift */ = {isa = PBXFileReference; lastKnownFileType = sourcecode.swift; path = AppDelegate.swift; sourceTree = "<group>"; };
		E4AF0F272892BA5C009C26F0 /* SceneDelegate.swift */ = {isa = PBXFileReference; lastKnownFileType = sourcecode.swift; path = SceneDelegate.swift; sourceTree = "<group>"; };
		E4AF0F2F2892BA5C009C26F0 /* Reciplease.xcdatamodel */ = {isa = PBXFileReference; lastKnownFileType = wrapper.xcdatamodel; path = Reciplease.xcdatamodel; sourceTree = "<group>"; };
		E4AF0F312892BA5E009C26F0 /* Assets.xcassets */ = {isa = PBXFileReference; lastKnownFileType = folder.assetcatalog; path = Assets.xcassets; sourceTree = "<group>"; };
		E4AF0F342892BA5E009C26F0 /* Base */ = {isa = PBXFileReference; lastKnownFileType = file.storyboard; name = Base; path = Base.lproj/LaunchScreen.storyboard; sourceTree = "<group>"; };
		E4AF0F362892BA5E009C26F0 /* Info.plist */ = {isa = PBXFileReference; lastKnownFileType = text.plist.xml; path = Info.plist; sourceTree = "<group>"; };
		E4AF0F3B2892BA5E009C26F0 /* RecipleaseTests.xctest */ = {isa = PBXFileReference; explicitFileType = wrapper.cfbundle; includeInIndex = 0; path = RecipleaseTests.xctest; sourceTree = BUILT_PRODUCTS_DIR; };
		E4AF0F3F2892BA5E009C26F0 /* RecipleaseTests.swift */ = {isa = PBXFileReference; lastKnownFileType = sourcecode.swift; path = RecipleaseTests.swift; sourceTree = "<group>"; };
		E4AF0F452892BA5E009C26F0 /* RecipleaseUITests.xctest */ = {isa = PBXFileReference; explicitFileType = wrapper.cfbundle; includeInIndex = 0; path = RecipleaseUITests.xctest; sourceTree = BUILT_PRODUCTS_DIR; };
		E4AF0F492892BA5E009C26F0 /* RecipleaseUITests.swift */ = {isa = PBXFileReference; lastKnownFileType = sourcecode.swift; path = RecipleaseUITests.swift; sourceTree = "<group>"; };
		E4AF0F4B2892BA5E009C26F0 /* RecipleaseUITestsLaunchTests.swift */ = {isa = PBXFileReference; lastKnownFileType = sourcecode.swift; path = RecipleaseUITestsLaunchTests.swift; sourceTree = "<group>"; };
		E4AF0F5B2892BC3F009C26F0 /* NetworkService.swift */ = {isa = PBXFileReference; lastKnownFileType = sourcecode.swift; path = NetworkService.swift; sourceTree = "<group>"; };
		E4AF0F5D2892BC7E009C26F0 /* NetworkServiceProtocol.swift */ = {isa = PBXFileReference; lastKnownFileType = sourcecode.swift; path = NetworkServiceProtocol.swift; sourceTree = "<group>"; };
		E4AF0F5F2892BC93009C26F0 /* NetworkServiceError.swift */ = {isa = PBXFileReference; lastKnownFileType = sourcecode.swift; path = NetworkServiceError.swift; sourceTree = "<group>"; };
		E4AF0F622892BE8D009C26F0 /* FridgeViewController.swift */ = {isa = PBXFileReference; lastKnownFileType = sourcecode.swift; path = FridgeViewController.swift; sourceTree = "<group>"; };
		E4AF0F642892BEA0009C26F0 /* RecipeListViewController.swift */ = {isa = PBXFileReference; lastKnownFileType = sourcecode.swift; path = RecipeListViewController.swift; sourceTree = "<group>"; };
		E4AF0F682892BF68009C26F0 /* TabBarViewController.swift */ = {isa = PBXFileReference; lastKnownFileType = sourcecode.swift; name = TabBarViewController.swift; path = ../View/TabBarViewController.swift; sourceTree = "<group>"; };
/* End PBXFileReference section */

/* Begin PBXFrameworksBuildPhase section */
		E4AF0F1F2892BA5C009C26F0 /* Frameworks */ = {
			isa = PBXFrameworksBuildPhase;
			buildActionMask = 2147483647;
			files = (
			);
			runOnlyForDeploymentPostprocessing = 0;
		};
		E4AF0F382892BA5E009C26F0 /* Frameworks */ = {
			isa = PBXFrameworksBuildPhase;
			buildActionMask = 2147483647;
			files = (
			);
			runOnlyForDeploymentPostprocessing = 0;
		};
		E4AF0F422892BA5E009C26F0 /* Frameworks */ = {
			isa = PBXFrameworksBuildPhase;
			buildActionMask = 2147483647;
			files = (
			);
			runOnlyForDeploymentPostprocessing = 0;
		};
/* End PBXFrameworksBuildPhase section */

/* Begin PBXGroup section */
		E4613DB42897E34900A36993 /* FridgeService */ = {
			isa = PBXGroup;
			children = (
				E4613DB02897E0AE00A36993 /* FridgeService.swift */,
				E4613DB22897E34200A36993 /* FridgeServiceError.swift */,
				E4613DB52898099100A36993 /* RecipeUrlProvider.swift */,
				E4613DB72898113D00A36993 /* RecipeResponse.swift */,
			);
			path = FridgeService;
			sourceTree = "<group>";
		};
		E4AF0F192892BA5C009C26F0 = {
			isa = PBXGroup;
			children = (
				E4AF0F242892BA5C009C26F0 /* Reciplease */,
				E4AF0F3E2892BA5E009C26F0 /* RecipleaseTests */,
				E4AF0F482892BA5E009C26F0 /* RecipleaseUITests */,
				E4AF0F232892BA5C009C26F0 /* Products */,
			);
			sourceTree = "<group>";
		};
		E4AF0F232892BA5C009C26F0 /* Products */ = {
			isa = PBXGroup;
			children = (
				E4AF0F222892BA5C009C26F0 /* Reciplease.app */,
				E4AF0F3B2892BA5E009C26F0 /* RecipleaseTests.xctest */,
				E4AF0F452892BA5E009C26F0 /* RecipleaseUITests.xctest */,
			);
			name = Products;
			sourceTree = "<group>";
		};
		E4AF0F242892BA5C009C26F0 /* Reciplease */ = {
			isa = PBXGroup;
			children = (
				E4AF0F582892BB8E009C26F0 /* View */,
				E4AF0F5A2892BBA5009C26F0 /* Controller */,
				E4AF0F592892BB97009C26F0 /* Model */,
				E4AF0F252892BA5C009C26F0 /* AppDelegate.swift */,
				E4AF0F272892BA5C009C26F0 /* SceneDelegate.swift */,
				E4AF0F362892BA5E009C26F0 /* Info.plist */,
				E4AF0F2E2892BA5C009C26F0 /* Reciplease.xcdatamodeld */,
			);
			path = Reciplease;
			sourceTree = "<group>";
		};
		E4AF0F3E2892BA5E009C26F0 /* RecipleaseTests */ = {
			isa = PBXGroup;
			children = (
				E4AF0F3F2892BA5E009C26F0 /* RecipleaseTests.swift */,
			);
			path = RecipleaseTests;
			sourceTree = "<group>";
		};
		E4AF0F482892BA5E009C26F0 /* RecipleaseUITests */ = {
			isa = PBXGroup;
			children = (
				E4AF0F492892BA5E009C26F0 /* RecipleaseUITests.swift */,
				E4AF0F4B2892BA5E009C26F0 /* RecipleaseUITestsLaunchTests.swift */,
			);
			path = RecipleaseUITests;
			sourceTree = "<group>";
		};
		E4AF0F582892BB8E009C26F0 /* View */ = {
			isa = PBXGroup;
			children = (
				E4AF0F312892BA5E009C26F0 /* Assets.xcassets */,
				E4AF0F332892BA5E009C26F0 /* LaunchScreen.storyboard */,
				E4613DAC2893DB3D00A36993 /* CustomIngredientTableViewCell.swift */,
			);
			path = View;
			sourceTree = "<group>";
		};
		E4AF0F592892BB97009C26F0 /* Model */ = {
			isa = PBXGroup;
			children = (
				E4AF0F612892BDC2009C26F0 /* NetworkService */,
				E4613DB42897E34900A36993 /* FridgeService */,
			);
			path = Model;
			sourceTree = "<group>";
		};
		E4AF0F5A2892BBA5009C26F0 /* Controller */ = {
			isa = PBXGroup;
			children = (
				E4AF0F622892BE8D009C26F0 /* FridgeViewController.swift */,
				E4AF0F642892BEA0009C26F0 /* RecipeListViewController.swift */,
				E4AF0F682892BF68009C26F0 /* TabBarViewController.swift */,
			);
			path = Controller;
			sourceTree = "<group>";
		};
		E4AF0F612892BDC2009C26F0 /* NetworkService */ = {
			isa = PBXGroup;
			children = (
				E4AF0F5B2892BC3F009C26F0 /* NetworkService.swift */,
				E4AF0F5D2892BC7E009C26F0 /* NetworkServiceProtocol.swift */,
				E4AF0F5F2892BC93009C26F0 /* NetworkServiceError.swift */,
			);
			path = NetworkService;
			sourceTree = "<group>";
		};
/* End PBXGroup section */

/* Begin PBXNativeTarget section */
		E4AF0F212892BA5C009C26F0 /* Reciplease */ = {
			isa = PBXNativeTarget;
			buildConfigurationList = E4AF0F4F2892BA5E009C26F0 /* Build configuration list for PBXNativeTarget "Reciplease" */;
			buildPhases = (
				E4AF0F1E2892BA5C009C26F0 /* Sources */,
				E4AF0F1F2892BA5C009C26F0 /* Frameworks */,
				E4AF0F202892BA5C009C26F0 /* Resources */,
			);
			buildRules = (
			);
			dependencies = (
			);
			name = Reciplease;
			productName = Reciplease;
			productReference = E4AF0F222892BA5C009C26F0 /* Reciplease.app */;
			productType = "com.apple.product-type.application";
		};
		E4AF0F3A2892BA5E009C26F0 /* RecipleaseTests */ = {
			isa = PBXNativeTarget;
			buildConfigurationList = E4AF0F522892BA5E009C26F0 /* Build configuration list for PBXNativeTarget "RecipleaseTests" */;
			buildPhases = (
				E4AF0F372892BA5E009C26F0 /* Sources */,
				E4AF0F382892BA5E009C26F0 /* Frameworks */,
				E4AF0F392892BA5E009C26F0 /* Resources */,
			);
			buildRules = (
			);
			dependencies = (
				E4AF0F3D2892BA5E009C26F0 /* PBXTargetDependency */,
			);
			name = RecipleaseTests;
			productName = RecipleaseTests;
			productReference = E4AF0F3B2892BA5E009C26F0 /* RecipleaseTests.xctest */;
			productType = "com.apple.product-type.bundle.unit-test";
		};
		E4AF0F442892BA5E009C26F0 /* RecipleaseUITests */ = {
			isa = PBXNativeTarget;
			buildConfigurationList = E4AF0F552892BA5E009C26F0 /* Build configuration list for PBXNativeTarget "RecipleaseUITests" */;
			buildPhases = (
				E4AF0F412892BA5E009C26F0 /* Sources */,
				E4AF0F422892BA5E009C26F0 /* Frameworks */,
				E4AF0F432892BA5E009C26F0 /* Resources */,
			);
			buildRules = (
			);
			dependencies = (
				E4AF0F472892BA5E009C26F0 /* PBXTargetDependency */,
			);
			name = RecipleaseUITests;
			productName = RecipleaseUITests;
			productReference = E4AF0F452892BA5E009C26F0 /* RecipleaseUITests.xctest */;
			productType = "com.apple.product-type.bundle.ui-testing";
		};
/* End PBXNativeTarget section */

/* Begin PBXProject section */
		E4AF0F1A2892BA5C009C26F0 /* Project object */ = {
			isa = PBXProject;
			attributes = {
				BuildIndependentTargetsInParallel = 1;
				LastSwiftUpdateCheck = 1340;
				LastUpgradeCheck = 1340;
				TargetAttributes = {
					E4AF0F212892BA5C009C26F0 = {
						CreatedOnToolsVersion = 13.4.1;
					};
					E4AF0F3A2892BA5E009C26F0 = {
						CreatedOnToolsVersion = 13.4.1;
						TestTargetID = E4AF0F212892BA5C009C26F0;
					};
					E4AF0F442892BA5E009C26F0 = {
						CreatedOnToolsVersion = 13.4.1;
					};
				};
			};
			buildConfigurationList = E4AF0F1D2892BA5C009C26F0 /* Build configuration list for PBXProject "Reciplease" */;
			compatibilityVersion = "Xcode 13.0";
			developmentRegion = en;
			hasScannedForEncodings = 0;
			knownRegions = (
				en,
				Base,
			);
			mainGroup = E4AF0F192892BA5C009C26F0;
			productRefGroup = E4AF0F232892BA5C009C26F0 /* Products */;
			projectDirPath = "";
			projectRoot = "";
			targets = (
				E4AF0F212892BA5C009C26F0 /* Reciplease */,
				E4AF0F3A2892BA5E009C26F0 /* RecipleaseTests */,
				E4AF0F442892BA5E009C26F0 /* RecipleaseUITests */,
			);
		};
/* End PBXProject section */

/* Begin PBXResourcesBuildPhase section */
		E4AF0F202892BA5C009C26F0 /* Resources */ = {
			isa = PBXResourcesBuildPhase;
			buildActionMask = 2147483647;
			files = (
				E4AF0F352892BA5E009C26F0 /* LaunchScreen.storyboard in Resources */,
				E4AF0F322892BA5E009C26F0 /* Assets.xcassets in Resources */,
			);
			runOnlyForDeploymentPostprocessing = 0;
		};
		E4AF0F392892BA5E009C26F0 /* Resources */ = {
			isa = PBXResourcesBuildPhase;
			buildActionMask = 2147483647;
			files = (
			);
			runOnlyForDeploymentPostprocessing = 0;
		};
		E4AF0F432892BA5E009C26F0 /* Resources */ = {
			isa = PBXResourcesBuildPhase;
			buildActionMask = 2147483647;
			files = (
			);
			runOnlyForDeploymentPostprocessing = 0;
		};
/* End PBXResourcesBuildPhase section */

/* Begin PBXSourcesBuildPhase section */
		E4AF0F1E2892BA5C009C26F0 /* Sources */ = {
			isa = PBXSourcesBuildPhase;
			buildActionMask = 2147483647;
			files = (
				E4AF0F602892BC93009C26F0 /* NetworkServiceError.swift in Sources */,
				E4AF0F5C2892BC3F009C26F0 /* NetworkService.swift in Sources */,
				E4613DB62898099100A36993 /* RecipeUrlProvider.swift in Sources */,
				E4613DB12897E0AE00A36993 /* FridgeService.swift in Sources */,
				E4613DAD2893DB3D00A36993 /* CustomIngredientTableViewCell.swift in Sources */,
				E4AF0F632892BE8D009C26F0 /* FridgeViewController.swift in Sources */,
				E4AF0F302892BA5C009C26F0 /* Reciplease.xcdatamodeld in Sources */,
				E4AF0F5E2892BC7E009C26F0 /* NetworkServiceProtocol.swift in Sources */,
				E4613DB32897E34200A36993 /* FridgeServiceError.swift in Sources */,
				E4AF0F262892BA5C009C26F0 /* AppDelegate.swift in Sources */,
				E4613DB82898113D00A36993 /* RecipeResponse.swift in Sources */,
				E4AF0F652892BEA0009C26F0 /* RecipeListViewController.swift in Sources */,
				E4AF0F692892BF68009C26F0 /* TabBarViewController.swift in Sources */,
				E4AF0F282892BA5C009C26F0 /* SceneDelegate.swift in Sources */,
			);
			runOnlyForDeploymentPostprocessing = 0;
		};
		E4AF0F372892BA5E009C26F0 /* Sources */ = {
			isa = PBXSourcesBuildPhase;
			buildActionMask = 2147483647;
			files = (
				E4AF0F402892BA5E009C26F0 /* RecipleaseTests.swift in Sources */,
			);
			runOnlyForDeploymentPostprocessing = 0;
		};
		E4AF0F412892BA5E009C26F0 /* Sources */ = {
			isa = PBXSourcesBuildPhase;
			buildActionMask = 2147483647;
			files = (
				E4AF0F4A2892BA5E009C26F0 /* RecipleaseUITests.swift in Sources */,
				E4AF0F4C2892BA5E009C26F0 /* RecipleaseUITestsLaunchTests.swift in Sources */,
			);
			runOnlyForDeploymentPostprocessing = 0;
		};
/* End PBXSourcesBuildPhase section */

/* Begin PBXTargetDependency section */
		E4AF0F3D2892BA5E009C26F0 /* PBXTargetDependency */ = {
			isa = PBXTargetDependency;
			target = E4AF0F212892BA5C009C26F0 /* Reciplease */;
			targetProxy = E4AF0F3C2892BA5E009C26F0 /* PBXContainerItemProxy */;
		};
		E4AF0F472892BA5E009C26F0 /* PBXTargetDependency */ = {
			isa = PBXTargetDependency;
			target = E4AF0F212892BA5C009C26F0 /* Reciplease */;
			targetProxy = E4AF0F462892BA5E009C26F0 /* PBXContainerItemProxy */;
		};
/* End PBXTargetDependency section */

/* Begin PBXVariantGroup section */
		E4AF0F332892BA5E009C26F0 /* LaunchScreen.storyboard */ = {
			isa = PBXVariantGroup;
			children = (
				E4AF0F342892BA5E009C26F0 /* Base */,
			);
			name = LaunchScreen.storyboard;
			sourceTree = "<group>";
		};
/* End PBXVariantGroup section */

/* Begin XCBuildConfiguration section */
		E4AF0F4D2892BA5E009C26F0 /* Debug */ = {
			isa = XCBuildConfiguration;
			buildSettings = {
				ALWAYS_SEARCH_USER_PATHS = NO;
				CLANG_ANALYZER_NONNULL = YES;
				CLANG_ANALYZER_NUMBER_OBJECT_CONVERSION = YES_AGGRESSIVE;
				CLANG_CXX_LANGUAGE_STANDARD = "gnu++17";
				CLANG_ENABLE_MODULES = YES;
				CLANG_ENABLE_OBJC_ARC = YES;
				CLANG_ENABLE_OBJC_WEAK = YES;
				CLANG_WARN_BLOCK_CAPTURE_AUTORELEASING = YES;
				CLANG_WARN_BOOL_CONVERSION = YES;
				CLANG_WARN_COMMA = YES;
				CLANG_WARN_CONSTANT_CONVERSION = YES;
				CLANG_WARN_DEPRECATED_OBJC_IMPLEMENTATIONS = YES;
				CLANG_WARN_DIRECT_OBJC_ISA_USAGE = YES_ERROR;
				CLANG_WARN_DOCUMENTATION_COMMENTS = YES;
				CLANG_WARN_EMPTY_BODY = YES;
				CLANG_WARN_ENUM_CONVERSION = YES;
				CLANG_WARN_INFINITE_RECURSION = YES;
				CLANG_WARN_INT_CONVERSION = YES;
				CLANG_WARN_NON_LITERAL_NULL_CONVERSION = YES;
				CLANG_WARN_OBJC_IMPLICIT_RETAIN_SELF = YES;
				CLANG_WARN_OBJC_LITERAL_CONVERSION = YES;
				CLANG_WARN_OBJC_ROOT_CLASS = YES_ERROR;
				CLANG_WARN_QUOTED_INCLUDE_IN_FRAMEWORK_HEADER = YES;
				CLANG_WARN_RANGE_LOOP_ANALYSIS = YES;
				CLANG_WARN_STRICT_PROTOTYPES = YES;
				CLANG_WARN_SUSPICIOUS_MOVE = YES;
				CLANG_WARN_UNGUARDED_AVAILABILITY = YES_AGGRESSIVE;
				CLANG_WARN_UNREACHABLE_CODE = YES;
				CLANG_WARN__DUPLICATE_METHOD_MATCH = YES;
				COPY_PHASE_STRIP = NO;
				DEBUG_INFORMATION_FORMAT = dwarf;
				ENABLE_STRICT_OBJC_MSGSEND = YES;
				ENABLE_TESTABILITY = YES;
				GCC_C_LANGUAGE_STANDARD = gnu11;
				GCC_DYNAMIC_NO_PIC = NO;
				GCC_NO_COMMON_BLOCKS = YES;
				GCC_OPTIMIZATION_LEVEL = 0;
				GCC_PREPROCESSOR_DEFINITIONS = (
					"DEBUG=1",
					"$(inherited)",
				);
				GCC_WARN_64_TO_32_BIT_CONVERSION = YES;
				GCC_WARN_ABOUT_RETURN_TYPE = YES_ERROR;
				GCC_WARN_UNDECLARED_SELECTOR = YES;
				GCC_WARN_UNINITIALIZED_AUTOS = YES_AGGRESSIVE;
				GCC_WARN_UNUSED_FUNCTION = YES;
				GCC_WARN_UNUSED_VARIABLE = YES;
				IPHONEOS_DEPLOYMENT_TARGET = 15.5;
				MTL_ENABLE_DEBUG_INFO = INCLUDE_SOURCE;
				MTL_FAST_MATH = YES;
				ONLY_ACTIVE_ARCH = YES;
				SDKROOT = iphoneos;
				SWIFT_ACTIVE_COMPILATION_CONDITIONS = DEBUG;
				SWIFT_OPTIMIZATION_LEVEL = "-Onone";
			};
			name = Debug;
		};
		E4AF0F4E2892BA5E009C26F0 /* Release */ = {
			isa = XCBuildConfiguration;
			buildSettings = {
				ALWAYS_SEARCH_USER_PATHS = NO;
				CLANG_ANALYZER_NONNULL = YES;
				CLANG_ANALYZER_NUMBER_OBJECT_CONVERSION = YES_AGGRESSIVE;
				CLANG_CXX_LANGUAGE_STANDARD = "gnu++17";
				CLANG_ENABLE_MODULES = YES;
				CLANG_ENABLE_OBJC_ARC = YES;
				CLANG_ENABLE_OBJC_WEAK = YES;
				CLANG_WARN_BLOCK_CAPTURE_AUTORELEASING = YES;
				CLANG_WARN_BOOL_CONVERSION = YES;
				CLANG_WARN_COMMA = YES;
				CLANG_WARN_CONSTANT_CONVERSION = YES;
				CLANG_WARN_DEPRECATED_OBJC_IMPLEMENTATIONS = YES;
				CLANG_WARN_DIRECT_OBJC_ISA_USAGE = YES_ERROR;
				CLANG_WARN_DOCUMENTATION_COMMENTS = YES;
				CLANG_WARN_EMPTY_BODY = YES;
				CLANG_WARN_ENUM_CONVERSION = YES;
				CLANG_WARN_INFINITE_RECURSION = YES;
				CLANG_WARN_INT_CONVERSION = YES;
				CLANG_WARN_NON_LITERAL_NULL_CONVERSION = YES;
				CLANG_WARN_OBJC_IMPLICIT_RETAIN_SELF = YES;
				CLANG_WARN_OBJC_LITERAL_CONVERSION = YES;
				CLANG_WARN_OBJC_ROOT_CLASS = YES_ERROR;
				CLANG_WARN_QUOTED_INCLUDE_IN_FRAMEWORK_HEADER = YES;
				CLANG_WARN_RANGE_LOOP_ANALYSIS = YES;
				CLANG_WARN_STRICT_PROTOTYPES = YES;
				CLANG_WARN_SUSPICIOUS_MOVE = YES;
				CLANG_WARN_UNGUARDED_AVAILABILITY = YES_AGGRESSIVE;
				CLANG_WARN_UNREACHABLE_CODE = YES;
				CLANG_WARN__DUPLICATE_METHOD_MATCH = YES;
				COPY_PHASE_STRIP = NO;
				DEBUG_INFORMATION_FORMAT = "dwarf-with-dsym";
				ENABLE_NS_ASSERTIONS = NO;
				ENABLE_STRICT_OBJC_MSGSEND = YES;
				GCC_C_LANGUAGE_STANDARD = gnu11;
				GCC_NO_COMMON_BLOCKS = YES;
				GCC_WARN_64_TO_32_BIT_CONVERSION = YES;
				GCC_WARN_ABOUT_RETURN_TYPE = YES_ERROR;
				GCC_WARN_UNDECLARED_SELECTOR = YES;
				GCC_WARN_UNINITIALIZED_AUTOS = YES_AGGRESSIVE;
				GCC_WARN_UNUSED_FUNCTION = YES;
				GCC_WARN_UNUSED_VARIABLE = YES;
				IPHONEOS_DEPLOYMENT_TARGET = 15.5;
				MTL_ENABLE_DEBUG_INFO = NO;
				MTL_FAST_MATH = YES;
				SDKROOT = iphoneos;
				SWIFT_COMPILATION_MODE = wholemodule;
				SWIFT_OPTIMIZATION_LEVEL = "-O";
				VALIDATE_PRODUCT = YES;
			};
			name = Release;
		};
		E4AF0F502892BA5E009C26F0 /* Debug */ = {
			isa = XCBuildConfiguration;
			buildSettings = {
				ASSETCATALOG_COMPILER_APPICON_NAME = AppIcon;
				ASSETCATALOG_COMPILER_GLOBAL_ACCENT_COLOR_NAME = AccentColor;
				CODE_SIGN_STYLE = Automatic;
				CURRENT_PROJECT_VERSION = 1;
				DEVELOPMENT_TEAM = BPYC96MR8N;
				GENERATE_INFOPLIST_FILE = YES;
				INFOPLIST_FILE = Reciplease/Info.plist;
				INFOPLIST_KEY_UIApplicationSupportsIndirectInputEvents = YES;
				INFOPLIST_KEY_UILaunchStoryboardName = LaunchScreen;
				INFOPLIST_KEY_UIMainStoryboardFile = LaunchScreen;
				INFOPLIST_KEY_UISupportedInterfaceOrientations = UIInterfaceOrientationPortrait;
				INFOPLIST_KEY_UISupportedInterfaceOrientations_iPad = "UIInterfaceOrientationPortrait UIInterfaceOrientationPortraitUpsideDown UIInterfaceOrientationLandscapeLeft UIInterfaceOrientationLandscapeRight";
				INFOPLIST_KEY_UISupportedInterfaceOrientations_iPhone = "UIInterfaceOrientationPortrait UIInterfaceOrientationLandscapeLeft UIInterfaceOrientationLandscapeRight";
				LD_RUNPATH_SEARCH_PATHS = (
					"$(inherited)",
					"@executable_path/Frameworks",
				);
				MARKETING_VERSION = 1.0;
				PRODUCT_BUNDLE_IDENTIFIER = com.yannrzd.Reciplease;
				PRODUCT_NAME = "$(TARGET_NAME)";
				SWIFT_EMIT_LOC_STRINGS = YES;
				SWIFT_VERSION = 5.0;
				TARGETED_DEVICE_FAMILY = "1,2";
			};
			name = Debug;
		};
		E4AF0F512892BA5E009C26F0 /* Release */ = {
			isa = XCBuildConfiguration;
			buildSettings = {
				ASSETCATALOG_COMPILER_APPICON_NAME = AppIcon;
				ASSETCATALOG_COMPILER_GLOBAL_ACCENT_COLOR_NAME = AccentColor;
				CODE_SIGN_STYLE = Automatic;
				CURRENT_PROJECT_VERSION = 1;
				DEVELOPMENT_TEAM = BPYC96MR8N;
				GENERATE_INFOPLIST_FILE = YES;
				INFOPLIST_FILE = Reciplease/Info.plist;
				INFOPLIST_KEY_UIApplicationSupportsIndirectInputEvents = YES;
				INFOPLIST_KEY_UILaunchStoryboardName = LaunchScreen;
				INFOPLIST_KEY_UIMainStoryboardFile = LaunchScreen;
				INFOPLIST_KEY_UISupportedInterfaceOrientations = UIInterfaceOrientationPortrait;
				INFOPLIST_KEY_UISupportedInterfaceOrientations_iPad = "UIInterfaceOrientationPortrait UIInterfaceOrientationPortraitUpsideDown UIInterfaceOrientationLandscapeLeft UIInterfaceOrientationLandscapeRight";
				INFOPLIST_KEY_UISupportedInterfaceOrientations_iPhone = "UIInterfaceOrientationPortrait UIInterfaceOrientationLandscapeLeft UIInterfaceOrientationLandscapeRight";
				LD_RUNPATH_SEARCH_PATHS = (
					"$(inherited)",
					"@executable_path/Frameworks",
				);
				MARKETING_VERSION = 1.0;
				PRODUCT_BUNDLE_IDENTIFIER = com.yannrzd.Reciplease;
				PRODUCT_NAME = "$(TARGET_NAME)";
				SWIFT_EMIT_LOC_STRINGS = YES;
				SWIFT_VERSION = 5.0;
				TARGETED_DEVICE_FAMILY = "1,2";
			};
			name = Release;
		};
		E4AF0F532892BA5E009C26F0 /* Debug */ = {
			isa = XCBuildConfiguration;
			buildSettings = {
				ALWAYS_EMBED_SWIFT_STANDARD_LIBRARIES = YES;
				BUNDLE_LOADER = "$(TEST_HOST)";
				CODE_SIGN_STYLE = Automatic;
				CURRENT_PROJECT_VERSION = 1;
				DEVELOPMENT_TEAM = BPYC96MR8N;
				GENERATE_INFOPLIST_FILE = YES;
				IPHONEOS_DEPLOYMENT_TARGET = 15.5;
				MARKETING_VERSION = 1.0;
				PRODUCT_BUNDLE_IDENTIFIER = com.yannrzd.RecipleaseTests;
				PRODUCT_NAME = "$(TARGET_NAME)";
				SWIFT_EMIT_LOC_STRINGS = NO;
				SWIFT_VERSION = 5.0;
				TARGETED_DEVICE_FAMILY = "1,2";
				TEST_HOST = "$(BUILT_PRODUCTS_DIR)/Reciplease.app/Reciplease";
			};
			name = Debug;
		};
		E4AF0F542892BA5E009C26F0 /* Release */ = {
			isa = XCBuildConfiguration;
			buildSettings = {
				ALWAYS_EMBED_SWIFT_STANDARD_LIBRARIES = YES;
				BUNDLE_LOADER = "$(TEST_HOST)";
				CODE_SIGN_STYLE = Automatic;
				CURRENT_PROJECT_VERSION = 1;
				DEVELOPMENT_TEAM = BPYC96MR8N;
				GENERATE_INFOPLIST_FILE = YES;
				IPHONEOS_DEPLOYMENT_TARGET = 15.5;
				MARKETING_VERSION = 1.0;
				PRODUCT_BUNDLE_IDENTIFIER = com.yannrzd.RecipleaseTests;
				PRODUCT_NAME = "$(TARGET_NAME)";
				SWIFT_EMIT_LOC_STRINGS = NO;
				SWIFT_VERSION = 5.0;
				TARGETED_DEVICE_FAMILY = "1,2";
				TEST_HOST = "$(BUILT_PRODUCTS_DIR)/Reciplease.app/Reciplease";
			};
			name = Release;
		};
		E4AF0F562892BA5E009C26F0 /* Debug */ = {
			isa = XCBuildConfiguration;
			buildSettings = {
				ALWAYS_EMBED_SWIFT_STANDARD_LIBRARIES = YES;
				CODE_SIGN_STYLE = Automatic;
				CURRENT_PROJECT_VERSION = 1;
				DEVELOPMENT_TEAM = BPYC96MR8N;
				GENERATE_INFOPLIST_FILE = YES;
				MARKETING_VERSION = 1.0;
				PRODUCT_BUNDLE_IDENTIFIER = com.yannrzd.RecipleaseUITests;
				PRODUCT_NAME = "$(TARGET_NAME)";
				PROVISIONING_PROFILE = "";
				SWIFT_EMIT_LOC_STRINGS = NO;
				SWIFT_VERSION = 5.0;
				TARGETED_DEVICE_FAMILY = "1,2";
			};
			name = Debug;
		};
		E4AF0F572892BA5E009C26F0 /* Release */ = {
			isa = XCBuildConfiguration;
			buildSettings = {
				ALWAYS_EMBED_SWIFT_STANDARD_LIBRARIES = YES;
				CODE_SIGN_STYLE = Automatic;
				CURRENT_PROJECT_VERSION = 1;
				DEVELOPMENT_TEAM = BPYC96MR8N;
				GENERATE_INFOPLIST_FILE = YES;
				MARKETING_VERSION = 1.0;
				PRODUCT_BUNDLE_IDENTIFIER = com.yannrzd.RecipleaseUITests;
				PRODUCT_NAME = "$(TARGET_NAME)";
				PROVISIONING_PROFILE = "";
				SWIFT_EMIT_LOC_STRINGS = NO;
				SWIFT_VERSION = 5.0;
				TARGETED_DEVICE_FAMILY = "1,2";
			};
			name = Release;
		};
/* End XCBuildConfiguration section */

/* Begin XCConfigurationList section */
		E4AF0F1D2892BA5C009C26F0 /* Build configuration list for PBXProject "Reciplease" */ = {
			isa = XCConfigurationList;
			buildConfigurations = (
				E4AF0F4D2892BA5E009C26F0 /* Debug */,
				E4AF0F4E2892BA5E009C26F0 /* Release */,
			);
			defaultConfigurationIsVisible = 0;
			defaultConfigurationName = Release;
		};
		E4AF0F4F2892BA5E009C26F0 /* Build configuration list for PBXNativeTarget "Reciplease" */ = {
			isa = XCConfigurationList;
			buildConfigurations = (
				E4AF0F502892BA5E009C26F0 /* Debug */,
				E4AF0F512892BA5E009C26F0 /* Release */,
			);
			defaultConfigurationIsVisible = 0;
			defaultConfigurationName = Release;
		};
		E4AF0F522892BA5E009C26F0 /* Build configuration list for PBXNativeTarget "RecipleaseTests" */ = {
			isa = XCConfigurationList;
			buildConfigurations = (
				E4AF0F532892BA5E009C26F0 /* Debug */,
				E4AF0F542892BA5E009C26F0 /* Release */,
			);
			defaultConfigurationIsVisible = 0;
			defaultConfigurationName = Release;
		};
		E4AF0F552892BA5E009C26F0 /* Build configuration list for PBXNativeTarget "RecipleaseUITests" */ = {
			isa = XCConfigurationList;
			buildConfigurations = (
				E4AF0F562892BA5E009C26F0 /* Debug */,
				E4AF0F572892BA5E009C26F0 /* Release */,
			);
			defaultConfigurationIsVisible = 0;
			defaultConfigurationName = Release;
		};
/* End XCConfigurationList section */

/* Begin XCVersionGroup section */
		E4AF0F2E2892BA5C009C26F0 /* Reciplease.xcdatamodeld */ = {
			isa = XCVersionGroup;
			children = (
				E4AF0F2F2892BA5C009C26F0 /* Reciplease.xcdatamodel */,
			);
			currentVersion = E4AF0F2F2892BA5C009C26F0 /* Reciplease.xcdatamodel */;
			path = Reciplease.xcdatamodeld;
			sourceTree = "<group>";
			versionGroupType = wrapper.xcdatamodel;
		};
/* End XCVersionGroup section */
	};
	rootObject = E4AF0F1A2892BA5C009C26F0 /* Project object */;
}
