// !$*UTF8*$!
{
	archiveVersion = 1;
	classes = {
	};
	objectVersion = 55;
	objects = {

/* Begin PBXBuildFile section */
		1EBC0C8302D45D0035187765 /* Pods_RecipleaseTests.framework in Frameworks */ = {isa = PBXBuildFile; fileRef = EA2BCE2A050F97F452C1D0AB /* Pods_RecipleaseTests.framework */; };
		C792A8C3D9F0B984B1646E6E /* Pods_Reciplease.framework in Frameworks */ = {isa = PBXBuildFile; fileRef = ADF48DD259C2F2A29DD4B9C8 /* Pods_Reciplease.framework */; };
		E4007FA228DB4BB600579916 /* NetworkServiceAlamofireProtocol.swift in Sources */ = {isa = PBXBuildFile; fileRef = E4007FA128DB4BB600579916 /* NetworkServiceAlamofireProtocol.swift */; };
		E4203AD4289C12380093B0AD /* RecipeService.swift in Sources */ = {isa = PBXBuildFile; fileRef = E4203AD3289C12380093B0AD /* RecipeService.swift */; };
		E4203AD7289C28040093B0AD /* AlertViewService.swift in Sources */ = {isa = PBXBuildFile; fileRef = E4203AD6289C28040093B0AD /* AlertViewService.swift */; };
		E4218EBC289A749600770960 /* Reciplease.xcdatamodeld in Sources */ = {isa = PBXBuildFile; fileRef = E4218EBA289A749600770960 /* Reciplease.xcdatamodeld */; };
		E4218EBE289A751D00770960 /* CoreDataStack.swift in Sources */ = {isa = PBXBuildFile; fileRef = E4218EBD289A751D00770960 /* CoreDataStack.swift */; };
		E4218EC0289A764300770960 /* RecipeEntity.swift in Sources */ = {isa = PBXBuildFile; fileRef = E4218EBF289A764300770960 /* RecipeEntity.swift */; };
		E4218EC2289AAD9500770960 /* RecipeElements.swift in Sources */ = {isa = PBXBuildFile; fileRef = E4218EC1289AAD9500770960 /* RecipeElements.swift */; };
		E431345828A529F200FC4EFF /* FridgeServiceTests.swift in Sources */ = {isa = PBXBuildFile; fileRef = E431345728A529F200FC4EFF /* FridgeServiceTests.swift */; };
		E431345A28A5560F00FC4EFF /* RecipeCoreDataService.swift in Sources */ = {isa = PBXBuildFile; fileRef = E431345928A5560F00FC4EFF /* RecipeCoreDataService.swift */; };
		E4355C8328D36EF800A43B83 /* RecipeCoreDataServiceMock.swift in Sources */ = {isa = PBXBuildFile; fileRef = E4355C8228D36EF800A43B83 /* RecipeCoreDataServiceMock.swift */; };
		E4355C8528D37B8200A43B83 /* NetworkServiceTests.swift in Sources */ = {isa = PBXBuildFile; fileRef = E4355C8428D37B8200A43B83 /* NetworkServiceTests.swift */; };
		E440AD3128AE306E001FEB92 /* NetworkServiceAlamofire.swift in Sources */ = {isa = PBXBuildFile; fileRef = E440AD3028AE306E001FEB92 /* NetworkServiceAlamofire.swift */; };
		E4613DAD2893DB3D00A36993 /* CustomIngredientTableViewCell.swift in Sources */ = {isa = PBXBuildFile; fileRef = E4613DAC2893DB3D00A36993 /* CustomIngredientTableViewCell.swift */; };
		E4613DB12897E0AE00A36993 /* FridgeService.swift in Sources */ = {isa = PBXBuildFile; fileRef = E4613DB02897E0AE00A36993 /* FridgeService.swift */; };
		E4613DB32897E34200A36993 /* RecipeServiceError.swift in Sources */ = {isa = PBXBuildFile; fileRef = E4613DB22897E34200A36993 /* RecipeServiceError.swift */; };
		E4613DB62898099100A36993 /* RecipeUrlProvider.swift in Sources */ = {isa = PBXBuildFile; fileRef = E4613DB52898099100A36993 /* RecipeUrlProvider.swift */; };
		E4613DB82898113D00A36993 /* RecipesResponse.swift in Sources */ = {isa = PBXBuildFile; fileRef = E4613DB72898113D00A36993 /* RecipesResponse.swift */; };
		E4613DBA2898144900A36993 /* CustomRecipeTableViewCell.swift in Sources */ = {isa = PBXBuildFile; fileRef = E4613DB92898144900A36993 /* CustomRecipeTableViewCell.swift */; };
		E46A921528D8B08700CCAA19 /* NetworkServiceAlamofireMock.swift in Sources */ = {isa = PBXBuildFile; fileRef = E46A921428D8B08700CCAA19 /* NetworkServiceAlamofireMock.swift */; };
		E46A921728D8B0FC00CCAA19 /* RecipeUrlProviderFailureMock.swift in Sources */ = {isa = PBXBuildFile; fileRef = E46A921628D8B0FC00CCAA19 /* RecipeUrlProviderFailureMock.swift */; };
		E46A921928D8B17000CCAA19 /* RecipeCoreDataServiceProtocol.swift in Sources */ = {isa = PBXBuildFile; fileRef = E46A921828D8B17000CCAA19 /* RecipeCoreDataServiceProtocol.swift */; };
		E46A921B28D8B19000CCAA19 /* RecipeCoreDataServiceError.swift in Sources */ = {isa = PBXBuildFile; fileRef = E46A921A28D8B19000CCAA19 /* RecipeCoreDataServiceError.swift */; };
		E46A921D28D8B24200CCAA19 /* NetworkServiceFailureMock.swift in Sources */ = {isa = PBXBuildFile; fileRef = E46A921C28D8B24200CCAA19 /* NetworkServiceFailureMock.swift */; };
		E46A921F28D8B25C00CCAA19 /* NetworkServiceSuccessMock.swift in Sources */ = {isa = PBXBuildFile; fileRef = E46A921E28D8B25C00CCAA19 /* NetworkServiceSuccessMock.swift */; };
		E46A922128D8D0B500CCAA19 /* RecipleaseCoreDataContextProtocol.swift in Sources */ = {isa = PBXBuildFile; fileRef = E46A922028D8D0B500CCAA19 /* RecipleaseCoreDataContextProtocol.swift */; };
		E46A922328D8D0DD00CCAA19 /* NSManagedObjectContext+ContextProtocol.swift in Sources */ = {isa = PBXBuildFile; fileRef = E46A922228D8D0DD00CCAA19 /* NSManagedObjectContext+ContextProtocol.swift */; };
		E46A922528D8D5DF00CCAA19 /* RecipeCoreDataServiceTests.swift in Sources */ = {isa = PBXBuildFile; fileRef = E46A922428D8D5DF00CCAA19 /* RecipeCoreDataServiceTests.swift */; };
		E4AF0F262892BA5C009C26F0 /* AppDelegate.swift in Sources */ = {isa = PBXBuildFile; fileRef = E4AF0F252892BA5C009C26F0 /* AppDelegate.swift */; };
		E4AF0F282892BA5C009C26F0 /* SceneDelegate.swift in Sources */ = {isa = PBXBuildFile; fileRef = E4AF0F272892BA5C009C26F0 /* SceneDelegate.swift */; };
		E4AF0F322892BA5E009C26F0 /* Assets.xcassets in Resources */ = {isa = PBXBuildFile; fileRef = E4AF0F312892BA5E009C26F0 /* Assets.xcassets */; };
		E4AF0F352892BA5E009C26F0 /* LaunchScreen.storyboard in Resources */ = {isa = PBXBuildFile; fileRef = E4AF0F332892BA5E009C26F0 /* LaunchScreen.storyboard */; };
		E4AF0F402892BA5E009C26F0 /* RecipeServiceTests.swift in Sources */ = {isa = PBXBuildFile; fileRef = E4AF0F3F2892BA5E009C26F0 /* RecipeServiceTests.swift */; };
		E4AF0F5C2892BC3F009C26F0 /* NetworkService.swift in Sources */ = {isa = PBXBuildFile; fileRef = E4AF0F5B2892BC3F009C26F0 /* NetworkService.swift */; };
		E4AF0F5E2892BC7E009C26F0 /* NetworkServiceProtocol.swift in Sources */ = {isa = PBXBuildFile; fileRef = E4AF0F5D2892BC7E009C26F0 /* NetworkServiceProtocol.swift */; };
		E4AF0F602892BC93009C26F0 /* NetworkServiceError.swift in Sources */ = {isa = PBXBuildFile; fileRef = E4AF0F5F2892BC93009C26F0 /* NetworkServiceError.swift */; };
		E4AF0F632892BE8D009C26F0 /* FridgeViewController.swift in Sources */ = {isa = PBXBuildFile; fileRef = E4AF0F622892BE8D009C26F0 /* FridgeViewController.swift */; };
		E4AF0F652892BEA0009C26F0 /* RecipeListViewController.swift in Sources */ = {isa = PBXBuildFile; fileRef = E4AF0F642892BEA0009C26F0 /* RecipeListViewController.swift */; };
		E4AF0F692892BF68009C26F0 /* TabBarViewController.swift in Sources */ = {isa = PBXBuildFile; fileRef = E4AF0F682892BF68009C26F0 /* TabBarViewController.swift */; };
		E4F7C08B289BC925002796AE /* RecipeDetailsViewController.swift in Sources */ = {isa = PBXBuildFile; fileRef = E4F7C08A289BC925002796AE /* RecipeDetailsViewController.swift */; };
		E4FB7D5C28E1E2630006E84E /* CoreDataContextFailureMock.swift in Sources */ = {isa = PBXBuildFile; fileRef = E4FB7D5B28E1E2630006E84E /* CoreDataContextFailureMock.swift */; };
		E4FB7D5E28E1E2D30006E84E /* MockError.swift in Sources */ = {isa = PBXBuildFile; fileRef = E4FB7D5D28E1E2D30006E84E /* MockError.swift */; };
/* End PBXBuildFile section */

/* Begin PBXContainerItemProxy section */
		E4AF0F3C2892BA5E009C26F0 /* PBXContainerItemProxy */ = {
			isa = PBXContainerItemProxy;
			containerPortal = E4AF0F1A2892BA5C009C26F0 /* Project object */;
			proxyType = 1;
			remoteGlobalIDString = E4AF0F212892BA5C009C26F0;
			remoteInfo = Reciplease;
		};
/* End PBXContainerItemProxy section */

/* Begin PBXFileReference section */
		0E6890CD19BE51D9994E7422 /* Pods-Reciplease.release.xcconfig */ = {isa = PBXFileReference; includeInIndex = 1; lastKnownFileType = text.xcconfig; name = "Pods-Reciplease.release.xcconfig"; path = "Target Support Files/Pods-Reciplease/Pods-Reciplease.release.xcconfig"; sourceTree = "<group>"; };
		3167EC8EC8F2AB40D27C802F /* Pods-RecipleaseTests.release.xcconfig */ = {isa = PBXFileReference; includeInIndex = 1; lastKnownFileType = text.xcconfig; name = "Pods-RecipleaseTests.release.xcconfig"; path = "Target Support Files/Pods-RecipleaseTests/Pods-RecipleaseTests.release.xcconfig"; sourceTree = "<group>"; };
		33B9473625913A233B6AC6D1 /* Pods-RecipleaseTests.debug.xcconfig */ = {isa = PBXFileReference; includeInIndex = 1; lastKnownFileType = text.xcconfig; name = "Pods-RecipleaseTests.debug.xcconfig"; path = "Target Support Files/Pods-RecipleaseTests/Pods-RecipleaseTests.debug.xcconfig"; sourceTree = "<group>"; };
		ADF48DD259C2F2A29DD4B9C8 /* Pods_Reciplease.framework */ = {isa = PBXFileReference; explicitFileType = wrapper.framework; includeInIndex = 0; path = Pods_Reciplease.framework; sourceTree = BUILT_PRODUCTS_DIR; };
		D09178C46E52D2101939A09C /* Pods-Reciplease.debug.xcconfig */ = {isa = PBXFileReference; includeInIndex = 1; lastKnownFileType = text.xcconfig; name = "Pods-Reciplease.debug.xcconfig"; path = "Target Support Files/Pods-Reciplease/Pods-Reciplease.debug.xcconfig"; sourceTree = "<group>"; };
		E4007FA128DB4BB600579916 /* NetworkServiceAlamofireProtocol.swift */ = {isa = PBXFileReference; lastKnownFileType = sourcecode.swift; path = NetworkServiceAlamofireProtocol.swift; sourceTree = "<group>"; };
		E4203AD3289C12380093B0AD /* RecipeService.swift */ = {isa = PBXFileReference; lastKnownFileType = sourcecode.swift; path = RecipeService.swift; sourceTree = "<group>"; };
		E4203AD6289C28040093B0AD /* AlertViewService.swift */ = {isa = PBXFileReference; lastKnownFileType = sourcecode.swift; path = AlertViewService.swift; sourceTree = "<group>"; };
		E4218EBB289A749600770960 /* Reciplease.xcdatamodel */ = {isa = PBXFileReference; lastKnownFileType = wrapper.xcdatamodel; path = Reciplease.xcdatamodel; sourceTree = "<group>"; };
		E4218EBD289A751D00770960 /* CoreDataStack.swift */ = {isa = PBXFileReference; lastKnownFileType = sourcecode.swift; path = CoreDataStack.swift; sourceTree = "<group>"; };
		E4218EBF289A764300770960 /* RecipeEntity.swift */ = {isa = PBXFileReference; lastKnownFileType = sourcecode.swift; path = RecipeEntity.swift; sourceTree = "<group>"; };
		E4218EC1289AAD9500770960 /* RecipeElements.swift */ = {isa = PBXFileReference; lastKnownFileType = sourcecode.swift; path = RecipeElements.swift; sourceTree = "<group>"; };
		E431345728A529F200FC4EFF /* FridgeServiceTests.swift */ = {isa = PBXFileReference; lastKnownFileType = sourcecode.swift; path = FridgeServiceTests.swift; sourceTree = "<group>"; };
		E431345928A5560F00FC4EFF /* RecipeCoreDataService.swift */ = {isa = PBXFileReference; lastKnownFileType = sourcecode.swift; path = RecipeCoreDataService.swift; sourceTree = "<group>"; };
		E4355C8228D36EF800A43B83 /* RecipeCoreDataServiceMock.swift */ = {isa = PBXFileReference; lastKnownFileType = sourcecode.swift; path = RecipeCoreDataServiceMock.swift; sourceTree = "<group>"; };
		E4355C8428D37B8200A43B83 /* NetworkServiceTests.swift */ = {isa = PBXFileReference; lastKnownFileType = sourcecode.swift; path = NetworkServiceTests.swift; sourceTree = "<group>"; };
		E440AD3028AE306E001FEB92 /* NetworkServiceAlamofire.swift */ = {isa = PBXFileReference; lastKnownFileType = sourcecode.swift; path = NetworkServiceAlamofire.swift; sourceTree = "<group>"; };
		E4613DAC2893DB3D00A36993 /* CustomIngredientTableViewCell.swift */ = {isa = PBXFileReference; lastKnownFileType = sourcecode.swift; path = CustomIngredientTableViewCell.swift; sourceTree = "<group>"; };
		E4613DB02897E0AE00A36993 /* FridgeService.swift */ = {isa = PBXFileReference; lastKnownFileType = sourcecode.swift; path = FridgeService.swift; sourceTree = "<group>"; };
		E4613DB22897E34200A36993 /* RecipeServiceError.swift */ = {isa = PBXFileReference; lastKnownFileType = sourcecode.swift; path = RecipeServiceError.swift; sourceTree = "<group>"; };
		E4613DB52898099100A36993 /* RecipeUrlProvider.swift */ = {isa = PBXFileReference; lastKnownFileType = sourcecode.swift; path = RecipeUrlProvider.swift; sourceTree = "<group>"; };
		E4613DB72898113D00A36993 /* RecipesResponse.swift */ = {isa = PBXFileReference; lastKnownFileType = sourcecode.swift; path = RecipesResponse.swift; sourceTree = "<group>"; };
		E4613DB92898144900A36993 /* CustomRecipeTableViewCell.swift */ = {isa = PBXFileReference; lastKnownFileType = sourcecode.swift; path = CustomRecipeTableViewCell.swift; sourceTree = "<group>"; };
		E46A921428D8B08700CCAA19 /* NetworkServiceAlamofireMock.swift */ = {isa = PBXFileReference; lastKnownFileType = sourcecode.swift; path = NetworkServiceAlamofireMock.swift; sourceTree = "<group>"; };
		E46A921628D8B0FC00CCAA19 /* RecipeUrlProviderFailureMock.swift */ = {isa = PBXFileReference; lastKnownFileType = sourcecode.swift; path = RecipeUrlProviderFailureMock.swift; sourceTree = "<group>"; };
		E46A921828D8B17000CCAA19 /* RecipeCoreDataServiceProtocol.swift */ = {isa = PBXFileReference; lastKnownFileType = sourcecode.swift; path = RecipeCoreDataServiceProtocol.swift; sourceTree = "<group>"; };
		E46A921A28D8B19000CCAA19 /* RecipeCoreDataServiceError.swift */ = {isa = PBXFileReference; lastKnownFileType = sourcecode.swift; path = RecipeCoreDataServiceError.swift; sourceTree = "<group>"; };
		E46A921C28D8B24200CCAA19 /* NetworkServiceFailureMock.swift */ = {isa = PBXFileReference; lastKnownFileType = sourcecode.swift; path = NetworkServiceFailureMock.swift; sourceTree = "<group>"; };
		E46A921E28D8B25C00CCAA19 /* NetworkServiceSuccessMock.swift */ = {isa = PBXFileReference; lastKnownFileType = sourcecode.swift; path = NetworkServiceSuccessMock.swift; sourceTree = "<group>"; };
		E46A922028D8D0B500CCAA19 /* RecipleaseCoreDataContextProtocol.swift */ = {isa = PBXFileReference; lastKnownFileType = sourcecode.swift; path = RecipleaseCoreDataContextProtocol.swift; sourceTree = "<group>"; };
		E46A922228D8D0DD00CCAA19 /* NSManagedObjectContext+ContextProtocol.swift */ = {isa = PBXFileReference; lastKnownFileType = sourcecode.swift; path = "NSManagedObjectContext+ContextProtocol.swift"; sourceTree = "<group>"; };
		E46A922428D8D5DF00CCAA19 /* RecipeCoreDataServiceTests.swift */ = {isa = PBXFileReference; lastKnownFileType = sourcecode.swift; path = RecipeCoreDataServiceTests.swift; sourceTree = "<group>"; };
		E4AF0F222892BA5C009C26F0 /* Reciplease.app */ = {isa = PBXFileReference; explicitFileType = wrapper.application; includeInIndex = 0; path = Reciplease.app; sourceTree = BUILT_PRODUCTS_DIR; };
		E4AF0F252892BA5C009C26F0 /* AppDelegate.swift */ = {isa = PBXFileReference; lastKnownFileType = sourcecode.swift; path = AppDelegate.swift; sourceTree = "<group>"; };
		E4AF0F272892BA5C009C26F0 /* SceneDelegate.swift */ = {isa = PBXFileReference; lastKnownFileType = sourcecode.swift; path = SceneDelegate.swift; sourceTree = "<group>"; };
		E4AF0F312892BA5E009C26F0 /* Assets.xcassets */ = {isa = PBXFileReference; lastKnownFileType = folder.assetcatalog; path = Assets.xcassets; sourceTree = "<group>"; };
		E4AF0F342892BA5E009C26F0 /* Base */ = {isa = PBXFileReference; lastKnownFileType = file.storyboard; name = Base; path = Base.lproj/LaunchScreen.storyboard; sourceTree = "<group>"; };
		E4AF0F362892BA5E009C26F0 /* Info.plist */ = {isa = PBXFileReference; lastKnownFileType = text.plist.xml; path = Info.plist; sourceTree = "<group>"; };
		E4AF0F3B2892BA5E009C26F0 /* RecipleaseTests.xctest */ = {isa = PBXFileReference; explicitFileType = wrapper.cfbundle; includeInIndex = 0; path = RecipleaseTests.xctest; sourceTree = BUILT_PRODUCTS_DIR; };
		E4AF0F3F2892BA5E009C26F0 /* RecipeServiceTests.swift */ = {isa = PBXFileReference; lastKnownFileType = sourcecode.swift; path = RecipeServiceTests.swift; sourceTree = "<group>"; };
		E4AF0F5B2892BC3F009C26F0 /* NetworkService.swift */ = {isa = PBXFileReference; lastKnownFileType = sourcecode.swift; path = NetworkService.swift; sourceTree = "<group>"; };
		E4AF0F5D2892BC7E009C26F0 /* NetworkServiceProtocol.swift */ = {isa = PBXFileReference; lastKnownFileType = sourcecode.swift; path = NetworkServiceProtocol.swift; sourceTree = "<group>"; };
		E4AF0F5F2892BC93009C26F0 /* NetworkServiceError.swift */ = {isa = PBXFileReference; lastKnownFileType = sourcecode.swift; path = NetworkServiceError.swift; sourceTree = "<group>"; };
		E4AF0F622892BE8D009C26F0 /* FridgeViewController.swift */ = {isa = PBXFileReference; lastKnownFileType = sourcecode.swift; path = FridgeViewController.swift; sourceTree = "<group>"; };
		E4AF0F642892BEA0009C26F0 /* RecipeListViewController.swift */ = {isa = PBXFileReference; lastKnownFileType = sourcecode.swift; path = RecipeListViewController.swift; sourceTree = "<group>"; };
		E4AF0F682892BF68009C26F0 /* TabBarViewController.swift */ = {isa = PBXFileReference; lastKnownFileType = sourcecode.swift; name = TabBarViewController.swift; path = ../View/TabBarViewController.swift; sourceTree = "<group>"; };
		E4F7C08A289BC925002796AE /* RecipeDetailsViewController.swift */ = {isa = PBXFileReference; lastKnownFileType = sourcecode.swift; path = RecipeDetailsViewController.swift; sourceTree = "<group>"; };
		E4FB7D5B28E1E2630006E84E /* CoreDataContextFailureMock.swift */ = {isa = PBXFileReference; lastKnownFileType = sourcecode.swift; path = CoreDataContextFailureMock.swift; sourceTree = "<group>"; };
		E4FB7D5D28E1E2D30006E84E /* MockError.swift */ = {isa = PBXFileReference; lastKnownFileType = sourcecode.swift; path = MockError.swift; sourceTree = "<group>"; };
		EA2BCE2A050F97F452C1D0AB /* Pods_RecipleaseTests.framework */ = {isa = PBXFileReference; explicitFileType = wrapper.framework; includeInIndex = 0; path = Pods_RecipleaseTests.framework; sourceTree = BUILT_PRODUCTS_DIR; };
/* End PBXFileReference section */

/* Begin PBXFrameworksBuildPhase section */
		E4AF0F1F2892BA5C009C26F0 /* Frameworks */ = {
			isa = PBXFrameworksBuildPhase;
			buildActionMask = 2147483647;
			files = (
				C792A8C3D9F0B984B1646E6E /* Pods_Reciplease.framework in Frameworks */,
			);
			runOnlyForDeploymentPostprocessing = 0;
		};
		E4AF0F382892BA5E009C26F0 /* Frameworks */ = {
			isa = PBXFrameworksBuildPhase;
			buildActionMask = 2147483647;
			files = (
				1EBC0C8302D45D0035187765 /* Pods_RecipleaseTests.framework in Frameworks */,
			);
			runOnlyForDeploymentPostprocessing = 0;
		};
/* End PBXFrameworksBuildPhase section */

/* Begin PBXGroup section */
		8E2A64208AF1A4EE74B25A04 /* Frameworks */ = {
			isa = PBXGroup;
			children = (
				ADF48DD259C2F2A29DD4B9C8 /* Pods_Reciplease.framework */,
				EA2BCE2A050F97F452C1D0AB /* Pods_RecipleaseTests.framework */,
			);
			name = Frameworks;
			sourceTree = "<group>";
		};
		AC8A2C45CC0915FD7A2F17DD /* Pods */ = {
			isa = PBXGroup;
			children = (
				D09178C46E52D2101939A09C /* Pods-Reciplease.debug.xcconfig */,
				0E6890CD19BE51D9994E7422 /* Pods-Reciplease.release.xcconfig */,
				33B9473625913A233B6AC6D1 /* Pods-RecipleaseTests.debug.xcconfig */,
				3167EC8EC8F2AB40D27C802F /* Pods-RecipleaseTests.release.xcconfig */,
			);
			path = Pods;
			sourceTree = "<group>";
		};
		E4203AD5289C27E60093B0AD /* ViewServices */ = {
			isa = PBXGroup;
			children = (
				E4203AD6289C28040093B0AD /* AlertViewService.swift */,
			);
			path = ViewServices;
			sourceTree = "<group>";
		};
		E4218EB8289A73B200770960 /* Supporting Files */ = {
			isa = PBXGroup;
			children = (
				E4AF0F362892BA5E009C26F0 /* Info.plist */,
				E4AF0F312892BA5E009C26F0 /* Assets.xcassets */,
				E4AF0F332892BA5E009C26F0 /* LaunchScreen.storyboard */,
			);
			path = "Supporting Files";
			sourceTree = "<group>";
		};
		E4218EB9289A745E00770960 /* CoreData */ = {
			isa = PBXGroup;
			children = (
				E4218EBA289A749600770960 /* Reciplease.xcdatamodeld */,
				E4218EBF289A764300770960 /* RecipeEntity.swift */,
				E4218EBD289A751D00770960 /* CoreDataStack.swift */,
				E431345928A5560F00FC4EFF /* RecipeCoreDataService.swift */,
				E46A921828D8B17000CCAA19 /* RecipeCoreDataServiceProtocol.swift */,
				E46A921A28D8B19000CCAA19 /* RecipeCoreDataServiceError.swift */,
				E46A922028D8D0B500CCAA19 /* RecipleaseCoreDataContextProtocol.swift */,
				E46A922228D8D0DD00CCAA19 /* NSManagedObjectContext+ContextProtocol.swift */,
				E4FB7D5D28E1E2D30006E84E /* MockError.swift */,
			);
			path = CoreData;
			sourceTree = "<group>";
		};
		E4355C8128D36EE900A43B83 /* StubsMocks */ = {
			isa = PBXGroup;
			children = (
				E4355C8228D36EF800A43B83 /* RecipeCoreDataServiceMock.swift */,
				E46A921628D8B0FC00CCAA19 /* RecipeUrlProviderFailureMock.swift */,
				E46A921428D8B08700CCAA19 /* NetworkServiceAlamofireMock.swift */,
				E46A921C28D8B24200CCAA19 /* NetworkServiceFailureMock.swift */,
				E46A921E28D8B25C00CCAA19 /* NetworkServiceSuccessMock.swift */,
				E4FB7D5B28E1E2630006E84E /* CoreDataContextFailureMock.swift */,
			);
			path = StubsMocks;
			sourceTree = "<group>";
		};
		E4613DB42897E34900A36993 /* FridgeService */ = {
			isa = PBXGroup;
			children = (
				E4203AD3289C12380093B0AD /* RecipeService.swift */,
				E4613DB02897E0AE00A36993 /* FridgeService.swift */,
				E4613DB22897E34200A36993 /* RecipeServiceError.swift */,
				E4613DB52898099100A36993 /* RecipeUrlProvider.swift */,
				E4218EC1289AAD9500770960 /* RecipeElements.swift */,
				E4613DB72898113D00A36993 /* RecipesResponse.swift */,
			);
			path = FridgeService;
			sourceTree = "<group>";
		};
		E4AF0F192892BA5C009C26F0 = {
			isa = PBXGroup;
			children = (
				E4AF0F242892BA5C009C26F0 /* Reciplease */,
				E4AF0F3E2892BA5E009C26F0 /* RecipleaseTests */,
				E4AF0F232892BA5C009C26F0 /* Products */,
				AC8A2C45CC0915FD7A2F17DD /* Pods */,
				8E2A64208AF1A4EE74B25A04 /* Frameworks */,
			);
			sourceTree = "<group>";
		};
		E4AF0F232892BA5C009C26F0 /* Products */ = {
			isa = PBXGroup;
			children = (
				E4AF0F222892BA5C009C26F0 /* Reciplease.app */,
				E4AF0F3B2892BA5E009C26F0 /* RecipleaseTests.xctest */,
			);
			name = Products;
			sourceTree = "<group>";
		};
		E4AF0F242892BA5C009C26F0 /* Reciplease */ = {
			isa = PBXGroup;
			children = (
				E4AF0F252892BA5C009C26F0 /* AppDelegate.swift */,
				E4AF0F272892BA5C009C26F0 /* SceneDelegate.swift */,
				E4218EB8289A73B200770960 /* Supporting Files */,
				E4AF0F582892BB8E009C26F0 /* View */,
				E4AF0F5A2892BBA5009C26F0 /* Controller */,
				E4AF0F592892BB97009C26F0 /* Model */,
			);
			path = Reciplease;
			sourceTree = "<group>";
		};
		E4AF0F3E2892BA5E009C26F0 /* RecipleaseTests */ = {
			isa = PBXGroup;
			children = (
				E4355C8128D36EE900A43B83 /* StubsMocks */,
				E4AF0F3F2892BA5E009C26F0 /* RecipeServiceTests.swift */,
				E431345728A529F200FC4EFF /* FridgeServiceTests.swift */,
				E4355C8428D37B8200A43B83 /* NetworkServiceTests.swift */,
				E46A922428D8D5DF00CCAA19 /* RecipeCoreDataServiceTests.swift */,
			);
			path = RecipleaseTests;
			sourceTree = "<group>";
		};
		E4AF0F582892BB8E009C26F0 /* View */ = {
			isa = PBXGroup;
			children = (
				E4203AD5289C27E60093B0AD /* ViewServices */,
				E4613DAC2893DB3D00A36993 /* CustomIngredientTableViewCell.swift */,
				E4613DB92898144900A36993 /* CustomRecipeTableViewCell.swift */,
			);
			path = View;
			sourceTree = "<group>";
		};
		E4AF0F592892BB97009C26F0 /* Model */ = {
			isa = PBXGroup;
			children = (
				E4218EB9289A745E00770960 /* CoreData */,
				E4613DB42897E34900A36993 /* FridgeService */,
				E4AF0F612892BDC2009C26F0 /* NetworkService */,
			);
			path = Model;
			sourceTree = "<group>";
		};
		E4AF0F5A2892BBA5009C26F0 /* Controller */ = {
			isa = PBXGroup;
			children = (
				E4AF0F622892BE8D009C26F0 /* FridgeViewController.swift */,
				E4AF0F642892BEA0009C26F0 /* RecipeListViewController.swift */,
				E4F7C08A289BC925002796AE /* RecipeDetailsViewController.swift */,
				E4AF0F682892BF68009C26F0 /* TabBarViewController.swift */,
			);
			path = Controller;
			sourceTree = "<group>";
		};
		E4AF0F612892BDC2009C26F0 /* NetworkService */ = {
			isa = PBXGroup;
			children = (
				E4AF0F5B2892BC3F009C26F0 /* NetworkService.swift */,
				E4AF0F5D2892BC7E009C26F0 /* NetworkServiceProtocol.swift */,
				E440AD3028AE306E001FEB92 /* NetworkServiceAlamofire.swift */,
				E4007FA128DB4BB600579916 /* NetworkServiceAlamofireProtocol.swift */,
				E4AF0F5F2892BC93009C26F0 /* NetworkServiceError.swift */,
			);
			path = NetworkService;
			sourceTree = "<group>";
		};
/* End PBXGroup section */

/* Begin PBXNativeTarget section */
		E4AF0F212892BA5C009C26F0 /* Reciplease */ = {
			isa = PBXNativeTarget;
			buildConfigurationList = E4AF0F4F2892BA5E009C26F0 /* Build configuration list for PBXNativeTarget "Reciplease" */;
			buildPhases = (
				A33DBFF90368631B56CD905D /* [CP] Check Pods Manifest.lock */,
				E4AF0F1E2892BA5C009C26F0 /* Sources */,
				E4AF0F1F2892BA5C009C26F0 /* Frameworks */,
				E4AF0F202892BA5C009C26F0 /* Resources */,
				6FC9D6E9284F017F73E7C106 /* [CP] Embed Pods Frameworks */,
			);
			buildRules = (
			);
			dependencies = (
			);
			name = Reciplease;
			packageProductDependencies = (
			);
			productName = Reciplease;
			productReference = E4AF0F222892BA5C009C26F0 /* Reciplease.app */;
			productType = "com.apple.product-type.application";
		};
		E4AF0F3A2892BA5E009C26F0 /* RecipleaseTests */ = {
			isa = PBXNativeTarget;
			buildConfigurationList = E4AF0F522892BA5E009C26F0 /* Build configuration list for PBXNativeTarget "RecipleaseTests" */;
			buildPhases = (
				D594D4003A8D64E6C3F74850 /* [CP] Check Pods Manifest.lock */,
				E4AF0F372892BA5E009C26F0 /* Sources */,
				E4AF0F382892BA5E009C26F0 /* Frameworks */,
				E4AF0F392892BA5E009C26F0 /* Resources */,
			);
			buildRules = (
			);
			dependencies = (
				E4AF0F3D2892BA5E009C26F0 /* PBXTargetDependency */,
			);
			name = RecipleaseTests;
			productName = RecipleaseTests;
			productReference = E4AF0F3B2892BA5E009C26F0 /* RecipleaseTests.xctest */;
			productType = "com.apple.product-type.bundle.unit-test";
		};
/* End PBXNativeTarget section */

/* Begin PBXProject section */
		E4AF0F1A2892BA5C009C26F0 /* Project object */ = {
			isa = PBXProject;
			attributes = {
				BuildIndependentTargetsInParallel = 1;
				LastSwiftUpdateCheck = 1340;
				LastUpgradeCheck = 1340;
				TargetAttributes = {
					E4AF0F212892BA5C009C26F0 = {
						CreatedOnToolsVersion = 13.4.1;
					};
					E4AF0F3A2892BA5E009C26F0 = {
						CreatedOnToolsVersion = 13.4.1;
						TestTargetID = E4AF0F212892BA5C009C26F0;
					};
				};
			};
			buildConfigurationList = E4AF0F1D2892BA5C009C26F0 /* Build configuration list for PBXProject "Reciplease" */;
			compatibilityVersion = "Xcode 13.0";
			developmentRegion = en;
			hasScannedForEncodings = 0;
			knownRegions = (
				en,
				Base,
			);
			mainGroup = E4AF0F192892BA5C009C26F0;
			packageReferences = (
			);
			productRefGroup = E4AF0F232892BA5C009C26F0 /* Products */;
			projectDirPath = "";
			projectRoot = "";
			targets = (
				E4AF0F212892BA5C009C26F0 /* Reciplease */,
				E4AF0F3A2892BA5E009C26F0 /* RecipleaseTests */,
			);
		};
/* End PBXProject section */

/* Begin PBXResourcesBuildPhase section */
		E4AF0F202892BA5C009C26F0 /* Resources */ = {
			isa = PBXResourcesBuildPhase;
			buildActionMask = 2147483647;
			files = (
				E4AF0F352892BA5E009C26F0 /* LaunchScreen.storyboard in Resources */,
				E4AF0F322892BA5E009C26F0 /* Assets.xcassets in Resources */,
			);
			runOnlyForDeploymentPostprocessing = 0;
		};
		E4AF0F392892BA5E009C26F0 /* Resources */ = {
			isa = PBXResourcesBuildPhase;
			buildActionMask = 2147483647;
			files = (
			);
			runOnlyForDeploymentPostprocessing = 0;
		};
/* End PBXResourcesBuildPhase section */

/* Begin PBXShellScriptBuildPhase section */
		6FC9D6E9284F017F73E7C106 /* [CP] Embed Pods Frameworks */ = {
			isa = PBXShellScriptBuildPhase;
			buildActionMask = 2147483647;
			files = (
			);
			inputFileListPaths = (
				"${PODS_ROOT}/Target Support Files/Pods-Reciplease/Pods-Reciplease-frameworks-${CONFIGURATION}-input-files.xcfilelist",
			);
			name = "[CP] Embed Pods Frameworks";
			outputFileListPaths = (
				"${PODS_ROOT}/Target Support Files/Pods-Reciplease/Pods-Reciplease-frameworks-${CONFIGURATION}-output-files.xcfilelist",
			);
			runOnlyForDeploymentPostprocessing = 0;
			shellPath = /bin/sh;
			shellScript = "\"${PODS_ROOT}/Target Support Files/Pods-Reciplease/Pods-Reciplease-frameworks.sh\"\n";
			showEnvVarsInLog = 0;
		};
		A33DBFF90368631B56CD905D /* [CP] Check Pods Manifest.lock */ = {
			isa = PBXShellScriptBuildPhase;
			buildActionMask = 2147483647;
			files = (
			);
			inputFileListPaths = (
			);
			inputPaths = (
				"${PODS_PODFILE_DIR_PATH}/Podfile.lock",
				"${PODS_ROOT}/Manifest.lock",
			);
			name = "[CP] Check Pods Manifest.lock";
			outputFileListPaths = (
			);
			outputPaths = (
				"$(DERIVED_FILE_DIR)/Pods-Reciplease-checkManifestLockResult.txt",
			);
			runOnlyForDeploymentPostprocessing = 0;
			shellPath = /bin/sh;
			shellScript = "diff \"${PODS_PODFILE_DIR_PATH}/Podfile.lock\" \"${PODS_ROOT}/Manifest.lock\" > /dev/null\nif [ $? != 0 ] ; then\n    # print error to STDERR\n    echo \"error: The sandbox is not in sync with the Podfile.lock. Run 'pod install' or update your CocoaPods installation.\" >&2\n    exit 1\nfi\n# This output is used by Xcode 'outputs' to avoid re-running this script phase.\necho \"SUCCESS\" > \"${SCRIPT_OUTPUT_FILE_0}\"\n";
			showEnvVarsInLog = 0;
		};
		D594D4003A8D64E6C3F74850 /* [CP] Check Pods Manifest.lock */ = {
			isa = PBXShellScriptBuildPhase;
			buildActionMask = 2147483647;
			files = (
			);
			inputFileListPaths = (
			);
			inputPaths = (
				"${PODS_PODFILE_DIR_PATH}/Podfile.lock",
				"${PODS_ROOT}/Manifest.lock",
			);
			name = "[CP] Check Pods Manifest.lock";
			outputFileListPaths = (
			);
			outputPaths = (
				"$(DERIVED_FILE_DIR)/Pods-RecipleaseTests-checkManifestLockResult.txt",
			);
			runOnlyForDeploymentPostprocessing = 0;
			shellPath = /bin/sh;
			shellScript = "diff \"${PODS_PODFILE_DIR_PATH}/Podfile.lock\" \"${PODS_ROOT}/Manifest.lock\" > /dev/null\nif [ $? != 0 ] ; then\n    # print error to STDERR\n    echo \"error: The sandbox is not in sync with the Podfile.lock. Run 'pod install' or update your CocoaPods installation.\" >&2\n    exit 1\nfi\n# This output is used by Xcode 'outputs' to avoid re-running this script phase.\necho \"SUCCESS\" > \"${SCRIPT_OUTPUT_FILE_0}\"\n";
			showEnvVarsInLog = 0;
		};
/* End PBXShellScriptBuildPhase section */

/* Begin PBXSourcesBuildPhase section */
		E4AF0F1E2892BA5C009C26F0 /* Sources */ = {
			isa = PBXSourcesBuildPhase;
			buildActionMask = 2147483647;
			files = (
				E4AF0F602892BC93009C26F0 /* NetworkServiceError.swift in Sources */,
				E4AF0F5C2892BC3F009C26F0 /* NetworkService.swift in Sources */,
				E46A921B28D8B19000CCAA19 /* RecipeCoreDataServiceError.swift in Sources */,
				E4613DB62898099100A36993 /* RecipeUrlProvider.swift in Sources */,
				E4F7C08B289BC925002796AE /* RecipeDetailsViewController.swift in Sources */,
				E4613DB12897E0AE00A36993 /* FridgeService.swift in Sources */,
				E4613DAD2893DB3D00A36993 /* CustomIngredientTableViewCell.swift in Sources */,
				E4AF0F632892BE8D009C26F0 /* FridgeViewController.swift in Sources */,
				E46A921928D8B17000CCAA19 /* RecipeCoreDataServiceProtocol.swift in Sources */,
				E4AF0F5E2892BC7E009C26F0 /* NetworkServiceProtocol.swift in Sources */,
				E46A922328D8D0DD00CCAA19 /* NSManagedObjectContext+ContextProtocol.swift in Sources */,
				E4218EBE289A751D00770960 /* CoreDataStack.swift in Sources */,
				E4613DB32897E34200A36993 /* RecipeServiceError.swift in Sources */,
				E4007FA228DB4BB600579916 /* NetworkServiceAlamofireProtocol.swift in Sources */,
				E4AF0F262892BA5C009C26F0 /* AppDelegate.swift in Sources */,
				E4613DB82898113D00A36993 /* RecipesResponse.swift in Sources */,
				E4FB7D5E28E1E2D30006E84E /* MockError.swift in Sources */,
				E4613DBA2898144900A36993 /* CustomRecipeTableViewCell.swift in Sources */,
				E440AD3128AE306E001FEB92 /* NetworkServiceAlamofire.swift in Sources */,
				E4218EC0289A764300770960 /* RecipeEntity.swift in Sources */,
				E46A922128D8D0B500CCAA19 /* RecipleaseCoreDataContextProtocol.swift in Sources */,
				E4AF0F652892BEA0009C26F0 /* RecipeListViewController.swift in Sources */,
				E4203AD4289C12380093B0AD /* RecipeService.swift in Sources */,
				E4218EBC289A749600770960 /* Reciplease.xcdatamodeld in Sources */,
				E431345A28A5560F00FC4EFF /* RecipeCoreDataService.swift in Sources */,
				E4218EC2289AAD9500770960 /* RecipeElements.swift in Sources */,
				E4203AD7289C28040093B0AD /* AlertViewService.swift in Sources */,
				E4AF0F692892BF68009C26F0 /* TabBarViewController.swift in Sources */,
				E4AF0F282892BA5C009C26F0 /* SceneDelegate.swift in Sources */,
			);
			runOnlyForDeploymentPostprocessing = 0;
		};
		E4AF0F372892BA5E009C26F0 /* Sources */ = {
			isa = PBXSourcesBuildPhase;
			buildActionMask = 2147483647;
			files = (
				E4FB7D5C28E1E2630006E84E /* CoreDataContextFailureMock.swift in Sources */,
				E46A921F28D8B25C00CCAA19 /* NetworkServiceSuccessMock.swift in Sources */,
				E431345828A529F200FC4EFF /* FridgeServiceTests.swift in Sources */,
				E4AF0F402892BA5E009C26F0 /* RecipeServiceTests.swift in Sources */,
				E46A922528D8D5DF00CCAA19 /* RecipeCoreDataServiceTests.swift in Sources */,
				E4355C8528D37B8200A43B83 /* NetworkServiceTests.swift in Sources */,
				E46A921728D8B0FC00CCAA19 /* RecipeUrlProviderFailureMock.swift in Sources */,
				E46A921528D8B08700CCAA19 /* NetworkServiceAlamofireMock.swift in Sources */,
				E46A921D28D8B24200CCAA19 /* NetworkServiceFailureMock.swift in Sources */,
				E4355C8328D36EF800A43B83 /* RecipeCoreDataServiceMock.swift in Sources */,
			);
			runOnlyForDeploymentPostprocessing = 0;
		};
/* End PBXSourcesBuildPhase section */

/* Begin PBXTargetDependency section */
		E4AF0F3D2892BA5E009C26F0 /* PBXTargetDependency */ = {
			isa = PBXTargetDependency;
			target = E4AF0F212892BA5C009C26F0 /* Reciplease */;
			targetProxy = E4AF0F3C2892BA5E009C26F0 /* PBXContainerItemProxy */;
		};
/* End PBXTargetDependency section */

/* Begin PBXVariantGroup section */
		E4AF0F332892BA5E009C26F0 /* LaunchScreen.storyboard */ = {
			isa = PBXVariantGroup;
			children = (
				E4AF0F342892BA5E009C26F0 /* Base */,
			);
			name = LaunchScreen.storyboard;
			sourceTree = "<group>";
		};
/* End PBXVariantGroup section */

/* Begin XCBuildConfiguration section */
		E4AF0F4D2892BA5E009C26F0 /* Debug */ = {
			isa = XCBuildConfiguration;
			buildSettings = {
				ALWAYS_SEARCH_USER_PATHS = NO;
				CLANG_ANALYZER_NONNULL = YES;
				CLANG_ANALYZER_NUMBER_OBJECT_CONVERSION = YES_AGGRESSIVE;
				CLANG_CXX_LANGUAGE_STANDARD = "gnu++17";
				CLANG_ENABLE_MODULES = YES;
				CLANG_ENABLE_OBJC_ARC = YES;
				CLANG_ENABLE_OBJC_WEAK = YES;
				CLANG_WARN_BLOCK_CAPTURE_AUTORELEASING = YES;
				CLANG_WARN_BOOL_CONVERSION = YES;
				CLANG_WARN_COMMA = YES;
				CLANG_WARN_CONSTANT_CONVERSION = YES;
				CLANG_WARN_DEPRECATED_OBJC_IMPLEMENTATIONS = YES;
				CLANG_WARN_DIRECT_OBJC_ISA_USAGE = YES_ERROR;
				CLANG_WARN_DOCUMENTATION_COMMENTS = YES;
				CLANG_WARN_EMPTY_BODY = YES;
				CLANG_WARN_ENUM_CONVERSION = YES;
				CLANG_WARN_INFINITE_RECURSION = YES;
				CLANG_WARN_INT_CONVERSION = YES;
				CLANG_WARN_NON_LITERAL_NULL_CONVERSION = YES;
				CLANG_WARN_OBJC_IMPLICIT_RETAIN_SELF = YES;
				CLANG_WARN_OBJC_LITERAL_CONVERSION = YES;
				CLANG_WARN_OBJC_ROOT_CLASS = YES_ERROR;
				CLANG_WARN_QUOTED_INCLUDE_IN_FRAMEWORK_HEADER = YES;
				CLANG_WARN_RANGE_LOOP_ANALYSIS = YES;
				CLANG_WARN_STRICT_PROTOTYPES = YES;
				CLANG_WARN_SUSPICIOUS_MOVE = YES;
				CLANG_WARN_UNGUARDED_AVAILABILITY = YES_AGGRESSIVE;
				CLANG_WARN_UNREACHABLE_CODE = YES;
				CLANG_WARN__DUPLICATE_METHOD_MATCH = YES;
				COPY_PHASE_STRIP = NO;
				DEBUG_INFORMATION_FORMAT = dwarf;
				ENABLE_STRICT_OBJC_MSGSEND = YES;
				ENABLE_TESTABILITY = YES;
				GCC_C_LANGUAGE_STANDARD = gnu11;
				GCC_DYNAMIC_NO_PIC = NO;
				GCC_NO_COMMON_BLOCKS = YES;
				GCC_OPTIMIZATION_LEVEL = 0;
				GCC_PREPROCESSOR_DEFINITIONS = (
					"DEBUG=1",
					"$(inherited)",
				);
				GCC_WARN_64_TO_32_BIT_CONVERSION = YES;
				GCC_WARN_ABOUT_RETURN_TYPE = YES_ERROR;
				GCC_WARN_UNDECLARED_SELECTOR = YES;
				GCC_WARN_UNINITIALIZED_AUTOS = YES_AGGRESSIVE;
				GCC_WARN_UNUSED_FUNCTION = YES;
				GCC_WARN_UNUSED_VARIABLE = YES;
				IPHONEOS_DEPLOYMENT_TARGET = 15.0;
				MTL_ENABLE_DEBUG_INFO = INCLUDE_SOURCE;
				MTL_FAST_MATH = YES;
				ONLY_ACTIVE_ARCH = YES;
				SDKROOT = iphoneos;
				SWIFT_ACTIVE_COMPILATION_CONDITIONS = DEBUG;
				SWIFT_OPTIMIZATION_LEVEL = "-Onone";
			};
			name = Debug;
		};
		E4AF0F4E2892BA5E009C26F0 /* Release */ = {
			isa = XCBuildConfiguration;
			buildSettings = {
				ALWAYS_SEARCH_USER_PATHS = NO;
				CLANG_ANALYZER_NONNULL = YES;
				CLANG_ANALYZER_NUMBER_OBJECT_CONVERSION = YES_AGGRESSIVE;
				CLANG_CXX_LANGUAGE_STANDARD = "gnu++17";
				CLANG_ENABLE_MODULES = YES;
				CLANG_ENABLE_OBJC_ARC = YES;
				CLANG_ENABLE_OBJC_WEAK = YES;
				CLANG_WARN_BLOCK_CAPTURE_AUTORELEASING = YES;
				CLANG_WARN_BOOL_CONVERSION = YES;
				CLANG_WARN_COMMA = YES;
				CLANG_WARN_CONSTANT_CONVERSION = YES;
				CLANG_WARN_DEPRECATED_OBJC_IMPLEMENTATIONS = YES;
				CLANG_WARN_DIRECT_OBJC_ISA_USAGE = YES_ERROR;
				CLANG_WARN_DOCUMENTATION_COMMENTS = YES;
				CLANG_WARN_EMPTY_BODY = YES;
				CLANG_WARN_ENUM_CONVERSION = YES;
				CLANG_WARN_INFINITE_RECURSION = YES;
				CLANG_WARN_INT_CONVERSION = YES;
				CLANG_WARN_NON_LITERAL_NULL_CONVERSION = YES;
				CLANG_WARN_OBJC_IMPLICIT_RETAIN_SELF = YES;
				CLANG_WARN_OBJC_LITERAL_CONVERSION = YES;
				CLANG_WARN_OBJC_ROOT_CLASS = YES_ERROR;
				CLANG_WARN_QUOTED_INCLUDE_IN_FRAMEWORK_HEADER = YES;
				CLANG_WARN_RANGE_LOOP_ANALYSIS = YES;
				CLANG_WARN_STRICT_PROTOTYPES = YES;
				CLANG_WARN_SUSPICIOUS_MOVE = YES;
				CLANG_WARN_UNGUARDED_AVAILABILITY = YES_AGGRESSIVE;
				CLANG_WARN_UNREACHABLE_CODE = YES;
				CLANG_WARN__DUPLICATE_METHOD_MATCH = YES;
				COPY_PHASE_STRIP = NO;
				DEBUG_INFORMATION_FORMAT = "dwarf-with-dsym";
				ENABLE_NS_ASSERTIONS = NO;
				ENABLE_STRICT_OBJC_MSGSEND = YES;
				GCC_C_LANGUAGE_STANDARD = gnu11;
				GCC_NO_COMMON_BLOCKS = YES;
				GCC_WARN_64_TO_32_BIT_CONVERSION = YES;
				GCC_WARN_ABOUT_RETURN_TYPE = YES_ERROR;
				GCC_WARN_UNDECLARED_SELECTOR = YES;
				GCC_WARN_UNINITIALIZED_AUTOS = YES_AGGRESSIVE;
				GCC_WARN_UNUSED_FUNCTION = YES;
				GCC_WARN_UNUSED_VARIABLE = YES;
				IPHONEOS_DEPLOYMENT_TARGET = 15.0;
				MTL_ENABLE_DEBUG_INFO = NO;
				MTL_FAST_MATH = YES;
				SDKROOT = iphoneos;
				SWIFT_COMPILATION_MODE = wholemodule;
				SWIFT_OPTIMIZATION_LEVEL = "-O";
				VALIDATE_PRODUCT = YES;
			};
			name = Release;
		};
		E4AF0F502892BA5E009C26F0 /* Debug */ = {
			isa = XCBuildConfiguration;
			baseConfigurationReference = D09178C46E52D2101939A09C /* Pods-Reciplease.debug.xcconfig */;
			buildSettings = {
				ASSETCATALOG_COMPILER_APPICON_NAME = AppIcon;
				ASSETCATALOG_COMPILER_GLOBAL_ACCENT_COLOR_NAME = AccentColor;
				CODE_SIGN_STYLE = Automatic;
				CURRENT_PROJECT_VERSION = 1;
				DEVELOPMENT_TEAM = BPYC96MR8N;
				GENERATE_INFOPLIST_FILE = YES;
				INFOPLIST_FILE = "Reciplease/Supporting Files/Info.plist";
				INFOPLIST_KEY_UIApplicationSupportsIndirectInputEvents = YES;
				INFOPLIST_KEY_UILaunchStoryboardName = LaunchScreen;
				INFOPLIST_KEY_UIMainStoryboardFile = LaunchScreen;
				INFOPLIST_KEY_UISupportedInterfaceOrientations = UIInterfaceOrientationPortrait;
				INFOPLIST_KEY_UISupportedInterfaceOrientations_iPad = "UIInterfaceOrientationPortrait UIInterfaceOrientationPortraitUpsideDown UIInterfaceOrientationLandscapeLeft UIInterfaceOrientationLandscapeRight";
				INFOPLIST_KEY_UISupportedInterfaceOrientations_iPhone = "UIInterfaceOrientationPortrait UIInterfaceOrientationLandscapeLeft UIInterfaceOrientationLandscapeRight";
				LD_RUNPATH_SEARCH_PATHS = (
					"$(inherited)",
					"@executable_path/Frameworks",
				);
				MARKETING_VERSION = 1.0;
				PRODUCT_BUNDLE_IDENTIFIER = com.yannrzd.Reciplease;
				PRODUCT_NAME = "$(TARGET_NAME)";
				SWIFT_EMIT_LOC_STRINGS = YES;
				SWIFT_VERSION = 5.0;
				TARGETED_DEVICE_FAMILY = "1,2";
			};
			name = Debug;
		};
		E4AF0F512892BA5E009C26F0 /* Release */ = {
			isa = XCBuildConfiguration;
			baseConfigurationReference = 0E6890CD19BE51D9994E7422 /* Pods-Reciplease.release.xcconfig */;
			buildSettings = {
				ASSETCATALOG_COMPILER_APPICON_NAME = AppIcon;
				ASSETCATALOG_COMPILER_GLOBAL_ACCENT_COLOR_NAME = AccentColor;
				CODE_SIGN_STYLE = Automatic;
				CURRENT_PROJECT_VERSION = 1;
				DEVELOPMENT_TEAM = BPYC96MR8N;
				GENERATE_INFOPLIST_FILE = YES;
				INFOPLIST_FILE = "Reciplease/Supporting Files/Info.plist";
				INFOPLIST_KEY_UIApplicationSupportsIndirectInputEvents = YES;
				INFOPLIST_KEY_UILaunchStoryboardName = LaunchScreen;
				INFOPLIST_KEY_UIMainStoryboardFile = LaunchScreen;
				INFOPLIST_KEY_UISupportedInterfaceOrientations = UIInterfaceOrientationPortrait;
				INFOPLIST_KEY_UISupportedInterfaceOrientations_iPad = "UIInterfaceOrientationPortrait UIInterfaceOrientationPortraitUpsideDown UIInterfaceOrientationLandscapeLeft UIInterfaceOrientationLandscapeRight";
				INFOPLIST_KEY_UISupportedInterfaceOrientations_iPhone = "UIInterfaceOrientationPortrait UIInterfaceOrientationLandscapeLeft UIInterfaceOrientationLandscapeRight";
				LD_RUNPATH_SEARCH_PATHS = (
					"$(inherited)",
					"@executable_path/Frameworks",
				);
				MARKETING_VERSION = 1.0;
				PRODUCT_BUNDLE_IDENTIFIER = com.yannrzd.Reciplease;
				PRODUCT_NAME = "$(TARGET_NAME)";
				SWIFT_EMIT_LOC_STRINGS = YES;
				SWIFT_VERSION = 5.0;
				TARGETED_DEVICE_FAMILY = "1,2";
			};
			name = Release;
		};
		E4AF0F532892BA5E009C26F0 /* Debug */ = {
			isa = XCBuildConfiguration;
			baseConfigurationReference = 33B9473625913A233B6AC6D1 /* Pods-RecipleaseTests.debug.xcconfig */;
			buildSettings = {
				ALWAYS_EMBED_SWIFT_STANDARD_LIBRARIES = YES;
				BUNDLE_LOADER = "$(TEST_HOST)";
				CODE_SIGN_STYLE = Automatic;
				CURRENT_PROJECT_VERSION = 1;
				DEVELOPMENT_TEAM = BPYC96MR8N;
				GENERATE_INFOPLIST_FILE = YES;
				IPHONEOS_DEPLOYMENT_TARGET = 15.5;
				MARKETING_VERSION = 1.0;
				PRODUCT_BUNDLE_IDENTIFIER = com.yannrzd.RecipleaseTests;
				PRODUCT_NAME = "$(TARGET_NAME)";
				SWIFT_EMIT_LOC_STRINGS = NO;
				SWIFT_VERSION = 5.0;
				TARGETED_DEVICE_FAMILY = "1,2";
				TEST_HOST = "$(BUILT_PRODUCTS_DIR)/Reciplease.app/Reciplease";
			};
			name = Debug;
		};
		E4AF0F542892BA5E009C26F0 /* Release */ = {
			isa = XCBuildConfiguration;
			baseConfigurationReference = 3167EC8EC8F2AB40D27C802F /* Pods-RecipleaseTests.release.xcconfig */;
			buildSettings = {
				ALWAYS_EMBED_SWIFT_STANDARD_LIBRARIES = YES;
				BUNDLE_LOADER = "$(TEST_HOST)";
				CODE_SIGN_STYLE = Automatic;
				CURRENT_PROJECT_VERSION = 1;
				DEVELOPMENT_TEAM = BPYC96MR8N;
				GENERATE_INFOPLIST_FILE = YES;
				IPHONEOS_DEPLOYMENT_TARGET = 15.5;
				MARKETING_VERSION = 1.0;
				PRODUCT_BUNDLE_IDENTIFIER = com.yannrzd.RecipleaseTests;
				PRODUCT_NAME = "$(TARGET_NAME)";
				SWIFT_EMIT_LOC_STRINGS = NO;
				SWIFT_VERSION = 5.0;
				TARGETED_DEVICE_FAMILY = "1,2";
				TEST_HOST = "$(BUILT_PRODUCTS_DIR)/Reciplease.app/Reciplease";
			};
			name = Release;
		};
/* End XCBuildConfiguration section */

/* Begin XCConfigurationList section */
		E4AF0F1D2892BA5C009C26F0 /* Build configuration list for PBXProject "Reciplease" */ = {
			isa = XCConfigurationList;
			buildConfigurations = (
				E4AF0F4D2892BA5E009C26F0 /* Debug */,
				E4AF0F4E2892BA5E009C26F0 /* Release */,
			);
			defaultConfigurationIsVisible = 0;
			defaultConfigurationName = Release;
		};
		E4AF0F4F2892BA5E009C26F0 /* Build configuration list for PBXNativeTarget "Reciplease" */ = {
			isa = XCConfigurationList;
			buildConfigurations = (
				E4AF0F502892BA5E009C26F0 /* Debug */,
				E4AF0F512892BA5E009C26F0 /* Release */,
			);
			defaultConfigurationIsVisible = 0;
			defaultConfigurationName = Release;
		};
		E4AF0F522892BA5E009C26F0 /* Build configuration list for PBXNativeTarget "RecipleaseTests" */ = {
			isa = XCConfigurationList;
			buildConfigurations = (
				E4AF0F532892BA5E009C26F0 /* Debug */,
				E4AF0F542892BA5E009C26F0 /* Release */,
			);
			defaultConfigurationIsVisible = 0;
			defaultConfigurationName = Release;
		};
/* End XCConfigurationList section */

/* Begin XCVersionGroup section */
		E4218EBA289A749600770960 /* Reciplease.xcdatamodeld */ = {
			isa = XCVersionGroup;
			children = (
				E4218EBB289A749600770960 /* Reciplease.xcdatamodel */,
			);
			currentVersion = E4218EBB289A749600770960 /* Reciplease.xcdatamodel */;
			path = Reciplease.xcdatamodeld;
			sourceTree = "<group>";
			versionGroupType = wrapper.xcdatamodel;
		};
/* End XCVersionGroup section */
	};
	rootObject = E4AF0F1A2892BA5C009C26F0 /* Project object */;
}
